// !$*UTF8*$!
{
	archiveVersion = 1;
	classes = {
	};
	objectVersion = 45;
	objects = {

/* Begin PBXBuildFile section */
		1DDD58160DA1D0A300B32029 /* MainMenu.xib in Resources */ = {isa = PBXBuildFile; fileRef = 1DDD58140DA1D0A300B32029 /* MainMenu.xib */; };
		216B3690114C59EF002E2818 /* PrefController.m in Sources */ = {isa = PBXBuildFile; fileRef = 216B368F114C59EF002E2818 /* PrefController.m */; };
		216BEE8C115FDF6C000A6E5A /* SR_LeopardView.m in Sources */ = {isa = PBXBuildFile; fileRef = 216BEE81115FDF6C000A6E5A /* SR_LeopardView.m */; };
		216BEE8D115FDF6C000A6E5A /* SRCommon.m in Sources */ = {isa = PBXBuildFile; fileRef = 216BEE83115FDF6C000A6E5A /* SRCommon.m */; };
		216BEE8E115FDF6C000A6E5A /* SRKeyCodeTransformer.m in Sources */ = {isa = PBXBuildFile; fileRef = 216BEE85115FDF6C000A6E5A /* SRKeyCodeTransformer.m */; };
		216BEE8F115FDF6C000A6E5A /* SRRecorderCell.m in Sources */ = {isa = PBXBuildFile; fileRef = 216BEE87115FDF6C000A6E5A /* SRRecorderCell.m */; };
		216BEE90115FDF6C000A6E5A /* SRRecorderControl.m in Sources */ = {isa = PBXBuildFile; fileRef = 216BEE89115FDF6C000A6E5A /* SRRecorderControl.m */; };
		216BEE91115FDF6C000A6E5A /* SRValidator.m in Sources */ = {isa = PBXBuildFile; fileRef = 216BEE8B115FDF6C000A6E5A /* SRValidator.m */; };
		21AE5B04114C06C10096A903 /* Preferences.xib in Resources */ = {isa = PBXBuildFile; fileRef = 21AE5B02114C06C10096A903 /* Preferences.xib */; };
		21AE5B17114C0C620096A903 /* AppController.m in Sources */ = {isa = PBXBuildFile; fileRef = 21AE5B16114C0C620096A903 /* AppController.m */; };
		256AC3DA0F4B6AC300CF3369 /* FocusAppDelegate.m in Sources */ = {isa = PBXBuildFile; fileRef = 256AC3D90F4B6AC300CF3369 /* FocusAppDelegate.m */; };
		8D11072B0486CEB800E47090 /* InfoPlist.strings in Resources */ = {isa = PBXBuildFile; fileRef = 089C165CFE840E0CC02AAC07 /* InfoPlist.strings */; };
		8D11072D0486CEB800E47090 /* main.m in Sources */ = {isa = PBXBuildFile; fileRef = 29B97316FDCFA39411CA2CEA /* main.m */; settings = {ATTRIBUTES = (); }; };
		8D11072F0486CEB800E47090 /* Cocoa.framework in Frameworks */ = {isa = PBXBuildFile; fileRef = 1058C7A1FEA54F0111CA2CBB /* Cocoa.framework */; };
		E1BD4006112E6D4800DE639A /* FocusNonactivatingView.m in Sources */ = {isa = PBXBuildFile; fileRef = E1BD4005112E6D4800DE639A /* FocusNonactivatingView.m */; };
		E1BD40D4112E76C200DE639A /* Focus.icns in Resources */ = {isa = PBXBuildFile; fileRef = E1BD40D3112E76C200DE639A /* Focus.icns */; };
		E1BD40EE112F753000DE639A /* FocusMenuBarView.m in Sources */ = {isa = PBXBuildFile; fileRef = E1BD40ED112F753000DE639A /* FocusMenuBarView.m */; };
		E1BD4115112F7B6300DE639A /* Carbon.framework in Frameworks */ = {isa = PBXBuildFile; fileRef = E1BD4114112F7B6300DE639A /* Carbon.framework */; };
/* End PBXBuildFile section */

/* Begin PBXFileReference section */
		089C165DFE840E0CC02AAC07 /* English */ = {isa = PBXFileReference; fileEncoding = 4; lastKnownFileType = text.plist.strings; name = English; path = English.lproj/InfoPlist.strings; sourceTree = "<group>"; };
		1058C7A1FEA54F0111CA2CBB /* Cocoa.framework */ = {isa = PBXFileReference; lastKnownFileType = wrapper.framework; name = Cocoa.framework; path = /System/Library/Frameworks/Cocoa.framework; sourceTree = "<absolute>"; };
		13E42FB307B3F0F600E4EEF1 /* CoreData.framework */ = {isa = PBXFileReference; lastKnownFileType = wrapper.framework; name = CoreData.framework; path = /System/Library/Frameworks/CoreData.framework; sourceTree = "<absolute>"; };
		1DDD58150DA1D0A300B32029 /* English */ = {isa = PBXFileReference; lastKnownFileType = file.xib; name = English; path = English.lproj/MainMenu.xib; sourceTree = "<group>"; };
		216B368E114C59EF002E2818 /* PrefController.h */ = {isa = PBXFileReference; fileEncoding = 4; lastKnownFileType = sourcecode.c.h; path = PrefController.h; sourceTree = "<group>"; };
		216B368F114C59EF002E2818 /* PrefController.m */ = {isa = PBXFileReference; fileEncoding = 4; lastKnownFileType = sourcecode.c.objc; path = PrefController.m; sourceTree = "<group>"; };
		216BEE7F115FDF6C000A6E5A /* ShortcutRecorder.h */ = {isa = PBXFileReference; fileEncoding = 4; lastKnownFileType = sourcecode.c.h; name = ShortcutRecorder.h; path = ShortcutRecorder/ShortcutRecorder.h; sourceTree = "<group>"; };
		216BEE80115FDF6C000A6E5A /* SR_LeopardView.h */ = {isa = PBXFileReference; fileEncoding = 4; lastKnownFileType = sourcecode.c.h; name = SR_LeopardView.h; path = ShortcutRecorder/SR_LeopardView.h; sourceTree = "<group>"; };
		216BEE81115FDF6C000A6E5A /* SR_LeopardView.m */ = {isa = PBXFileReference; fileEncoding = 4; lastKnownFileType = sourcecode.c.objc; name = SR_LeopardView.m; path = ShortcutRecorder/SR_LeopardView.m; sourceTree = "<group>"; };
		216BEE82115FDF6C000A6E5A /* SRCommon.h */ = {isa = PBXFileReference; fileEncoding = 4; lastKnownFileType = sourcecode.c.h; name = SRCommon.h; path = ShortcutRecorder/SRCommon.h; sourceTree = "<group>"; };
		216BEE83115FDF6C000A6E5A /* SRCommon.m */ = {isa = PBXFileReference; fileEncoding = 4; lastKnownFileType = sourcecode.c.objc; name = SRCommon.m; path = ShortcutRecorder/SRCommon.m; sourceTree = "<group>"; };
		216BEE84115FDF6C000A6E5A /* SRKeyCodeTransformer.h */ = {isa = PBXFileReference; fileEncoding = 4; lastKnownFileType = sourcecode.c.h; name = SRKeyCodeTransformer.h; path = ShortcutRecorder/SRKeyCodeTransformer.h; sourceTree = "<group>"; };
		216BEE85115FDF6C000A6E5A /* SRKeyCodeTransformer.m */ = {isa = PBXFileReference; fileEncoding = 4; lastKnownFileType = sourcecode.c.objc; name = SRKeyCodeTransformer.m; path = ShortcutRecorder/SRKeyCodeTransformer.m; sourceTree = "<group>"; };
		216BEE86115FDF6C000A6E5A /* SRRecorderCell.h */ = {isa = PBXFileReference; fileEncoding = 4; lastKnownFileType = sourcecode.c.h; name = SRRecorderCell.h; path = ShortcutRecorder/SRRecorderCell.h; sourceTree = "<group>"; };
		216BEE87115FDF6C000A6E5A /* SRRecorderCell.m */ = {isa = PBXFileReference; fileEncoding = 4; lastKnownFileType = sourcecode.c.objc; name = SRRecorderCell.m; path = ShortcutRecorder/SRRecorderCell.m; sourceTree = "<group>"; };
		216BEE88115FDF6C000A6E5A /* SRRecorderControl.h */ = {isa = PBXFileReference; fileEncoding = 4; lastKnownFileType = sourcecode.c.h; name = SRRecorderControl.h; path = ShortcutRecorder/SRRecorderControl.h; sourceTree = "<group>"; };
		216BEE89115FDF6C000A6E5A /* SRRecorderControl.m */ = {isa = PBXFileReference; fileEncoding = 4; lastKnownFileType = sourcecode.c.objc; name = SRRecorderControl.m; path = ShortcutRecorder/SRRecorderControl.m; sourceTree = "<group>"; };
		216BEE8A115FDF6C000A6E5A /* SRValidator.h */ = {isa = PBXFileReference; fileEncoding = 4; lastKnownFileType = sourcecode.c.h; name = SRValidator.h; path = ShortcutRecorder/SRValidator.h; sourceTree = "<group>"; };
		216BEE8B115FDF6C000A6E5A /* SRValidator.m */ = {isa = PBXFileReference; fileEncoding = 4; lastKnownFileType = sourcecode.c.objc; name = SRValidator.m; path = ShortcutRecorder/SRValidator.m; sourceTree = "<group>"; };
		21AE5B03114C06C10096A903 /* English */ = {isa = PBXFileReference; lastKnownFileType = file.xib; name = English; path = English.lproj/Preferences.xib; sourceTree = "<group>"; };
		21AE5B15114C0C620096A903 /* AppController.h */ = {isa = PBXFileReference; fileEncoding = 4; lastKnownFileType = sourcecode.c.h; path = AppController.h; sourceTree = "<group>"; };
		21AE5B16114C0C620096A903 /* AppController.m */ = {isa = PBXFileReference; fileEncoding = 4; lastKnownFileType = sourcecode.c.objc; path = AppController.m; sourceTree = "<group>"; };
		256AC3D80F4B6AC300CF3369 /* FocusAppDelegate.h */ = {isa = PBXFileReference; fileEncoding = 4; lastKnownFileType = sourcecode.c.h; path = FocusAppDelegate.h; sourceTree = "<group>"; };
		256AC3D90F4B6AC300CF3369 /* FocusAppDelegate.m */ = {isa = PBXFileReference; fileEncoding = 4; lastKnownFileType = sourcecode.c.objc; path = FocusAppDelegate.m; sourceTree = "<group>"; };
		256AC3F00F4B6AF500CF3369 /* Focus_Prefix.pch */ = {isa = PBXFileReference; fileEncoding = 4; lastKnownFileType = sourcecode.c.h; path = Focus_Prefix.pch; sourceTree = "<group>"; };
		29B97316FDCFA39411CA2CEA /* main.m */ = {isa = PBXFileReference; fileEncoding = 4; lastKnownFileType = sourcecode.c.objc; path = main.m; sourceTree = "<group>"; };
		29B97324FDCFA39411CA2CEA /* AppKit.framework */ = {isa = PBXFileReference; lastKnownFileType = wrapper.framework; name = AppKit.framework; path = /System/Library/Frameworks/AppKit.framework; sourceTree = "<absolute>"; };
		29B97325FDCFA39411CA2CEA /* Foundation.framework */ = {isa = PBXFileReference; lastKnownFileType = wrapper.framework; name = Foundation.framework; path = /System/Library/Frameworks/Foundation.framework; sourceTree = "<absolute>"; };
		8D1107310486CEB800E47090 /* Focus-Info.plist */ = {isa = PBXFileReference; fileEncoding = 4; lastKnownFileType = text.plist.xml; path = "Focus-Info.plist"; sourceTree = "<group>"; };
		8D1107320486CEB800E47090 /* Focus.app */ = {isa = PBXFileReference; explicitFileType = wrapper.application; includeInIndex = 0; path = Focus.app; sourceTree = BUILT_PRODUCTS_DIR; };
		E1BD4004112E6D4800DE639A /* FocusNonactivatingView.h */ = {isa = PBXFileReference; fileEncoding = 4; lastKnownFileType = sourcecode.c.h; path = FocusNonactivatingView.h; sourceTree = "<group>"; };
		E1BD4005112E6D4800DE639A /* FocusNonactivatingView.m */ = {isa = PBXFileReference; fileEncoding = 4; lastKnownFileType = sourcecode.c.objc; path = FocusNonactivatingView.m; sourceTree = "<group>"; };
		E1BD40D3112E76C200DE639A /* Focus.icns */ = {isa = PBXFileReference; lastKnownFileType = image.icns; path = Focus.icns; sourceTree = "<group>"; };
		E1BD40EC112F753000DE639A /* FocusMenuBarView.h */ = {isa = PBXFileReference; fileEncoding = 4; lastKnownFileType = sourcecode.c.h; path = FocusMenuBarView.h; sourceTree = "<group>"; };
		E1BD40ED112F753000DE639A /* FocusMenuBarView.m */ = {isa = PBXFileReference; fileEncoding = 4; lastKnownFileType = sourcecode.c.objc; path = FocusMenuBarView.m; sourceTree = "<group>"; };
		E1BD4114112F7B6300DE639A /* Carbon.framework */ = {isa = PBXFileReference; lastKnownFileType = wrapper.framework; name = Carbon.framework; path = System/Library/Frameworks/Carbon.framework; sourceTree = SDKROOT; };
/* End PBXFileReference section */

/* Begin PBXFrameworksBuildPhase section */
		8D11072E0486CEB800E47090 /* Frameworks */ = {
			isa = PBXFrameworksBuildPhase;
			buildActionMask = 2147483647;
			files = (
				8D11072F0486CEB800E47090 /* Cocoa.framework in Frameworks */,
				E1BD4115112F7B6300DE639A /* Carbon.framework in Frameworks */,
			);
			runOnlyForDeploymentPostprocessing = 0;
		};
/* End PBXFrameworksBuildPhase section */

/* Begin PBXGroup section */
		080E96DDFE201D6D7F000001 /* Classes */ = {
			isa = PBXGroup;
			children = (
				216B37AC114C8501002E2818 /* ShortcutRecorder */,
				256AC3D80F4B6AC300CF3369 /* FocusAppDelegate.h */,
				256AC3D90F4B6AC300CF3369 /* FocusAppDelegate.m */,
				E1BD40EC112F753000DE639A /* FocusMenuBarView.h */,
				E1BD40ED112F753000DE639A /* FocusMenuBarView.m */,
				E1BD4004112E6D4800DE639A /* FocusNonactivatingView.h */,
				E1BD4005112E6D4800DE639A /* FocusNonactivatingView.m */,
				21AE5B15114C0C620096A903 /* AppController.h */,
				21AE5B16114C0C620096A903 /* AppController.m */,
				216B368E114C59EF002E2818 /* PrefController.h */,
				216B368F114C59EF002E2818 /* PrefController.m */,
			);
			name = Classes;
			sourceTree = "<group>";
		};
		1058C7A0FEA54F0111CA2CBB /* Linked Frameworks */ = {
			isa = PBXGroup;
			children = (
				1058C7A1FEA54F0111CA2CBB /* Cocoa.framework */,
				E1BD4114112F7B6300DE639A /* Carbon.framework */,
			);
			name = "Linked Frameworks";
			sourceTree = "<group>";
		};
		1058C7A2FEA54F0111CA2CBB /* Other Frameworks */ = {
			isa = PBXGroup;
			children = (
				29B97324FDCFA39411CA2CEA /* AppKit.framework */,
				13E42FB307B3F0F600E4EEF1 /* CoreData.framework */,
				29B97325FDCFA39411CA2CEA /* Foundation.framework */,
			);
			name = "Other Frameworks";
			sourceTree = "<group>";
		};
		19C28FACFE9D520D11CA2CBB /* Products */ = {
			isa = PBXGroup;
			children = (
				8D1107320486CEB800E47090 /* Focus.app */,
			);
			name = Products;
			sourceTree = "<group>";
		};
		216B37AC114C8501002E2818 /* ShortcutRecorder */ = {
			isa = PBXGroup;
			children = (
				216BEE7F115FDF6C000A6E5A /* ShortcutRecorder.h */,
				216BEE80115FDF6C000A6E5A /* SR_LeopardView.h */,
				216BEE81115FDF6C000A6E5A /* SR_LeopardView.m */,
				216BEE82115FDF6C000A6E5A /* SRCommon.h */,
				216BEE83115FDF6C000A6E5A /* SRCommon.m */,
				216BEE84115FDF6C000A6E5A /* SRKeyCodeTransformer.h */,
				216BEE85115FDF6C000A6E5A /* SRKeyCodeTransformer.m */,
				216BEE86115FDF6C000A6E5A /* SRRecorderCell.h */,
				216BEE87115FDF6C000A6E5A /* SRRecorderCell.m */,
				216BEE88115FDF6C000A6E5A /* SRRecorderControl.h */,
				216BEE89115FDF6C000A6E5A /* SRRecorderControl.m */,
				216BEE8A115FDF6C000A6E5A /* SRValidator.h */,
				216BEE8B115FDF6C000A6E5A /* SRValidator.m */,
			);
			name = ShortcutRecorder;
			sourceTree = "<group>";
		};
		29B97314FDCFA39411CA2CEA /* Focus */ = {
			isa = PBXGroup;
			children = (
				080E96DDFE201D6D7F000001 /* Classes */,
				29B97315FDCFA39411CA2CEA /* Other Sources */,
				29B97317FDCFA39411CA2CEA /* Resources */,
				29B97323FDCFA39411CA2CEA /* Frameworks */,
				19C28FACFE9D520D11CA2CBB /* Products */,
			);
			name = Focus;
			sourceTree = "<group>";
		};
		29B97315FDCFA39411CA2CEA /* Other Sources */ = {
			isa = PBXGroup;
			children = (
				256AC3F00F4B6AF500CF3369 /* Focus_Prefix.pch */,
				29B97316FDCFA39411CA2CEA /* main.m */,
			);
			name = "Other Sources";
			sourceTree = "<group>";
		};
		29B97317FDCFA39411CA2CEA /* Resources */ = {
			isa = PBXGroup;
			children = (
				E1BD40D3112E76C200DE639A /* Focus.icns */,
				8D1107310486CEB800E47090 /* Focus-Info.plist */,
				21AE5B02114C06C10096A903 /* Preferences.xib */,
				089C165CFE840E0CC02AAC07 /* InfoPlist.strings */,
				1DDD58140DA1D0A300B32029 /* MainMenu.xib */,
			);
			name = Resources;
			sourceTree = "<group>";
		};
		29B97323FDCFA39411CA2CEA /* Frameworks */ = {
			isa = PBXGroup;
			children = (
				1058C7A0FEA54F0111CA2CBB /* Linked Frameworks */,
				1058C7A2FEA54F0111CA2CBB /* Other Frameworks */,
			);
			name = Frameworks;
			sourceTree = "<group>";
		};
/* End PBXGroup section */

/* Begin PBXNativeTarget section */
		8D1107260486CEB800E47090 /* Focus */ = {
			isa = PBXNativeTarget;
			buildConfigurationList = C01FCF4A08A954540054247B /* Build configuration list for PBXNativeTarget "Focus" */;
			buildPhases = (
				8D1107290486CEB800E47090 /* Resources */,
				8D11072C0486CEB800E47090 /* Sources */,
				8D11072E0486CEB800E47090 /* Frameworks */,
			);
			buildRules = (
			);
			dependencies = (
			);
			name = Focus;
			productInstallPath = "$(HOME)/Applications";
			productName = Focus;
			productReference = 8D1107320486CEB800E47090 /* Focus.app */;
			productType = "com.apple.product-type.application";
		};
/* End PBXNativeTarget section */

/* Begin PBXProject section */
		29B97313FDCFA39411CA2CEA /* Project object */ = {
			isa = PBXProject;
			buildConfigurationList = C01FCF4E08A954540054247B /* Build configuration list for PBXProject "Focus" */;
			compatibilityVersion = "Xcode 3.1";
			hasScannedForEncodings = 1;
			knownRegions = (
				English,
				Japanese,
				French,
				German,
				Dutch,
				sv,
			);
			mainGroup = 29B97314FDCFA39411CA2CEA /* Focus */;
			projectDirPath = "";
			projectRoot = "";
			targets = (
				8D1107260486CEB800E47090 /* Focus */,
			);
		};
/* End PBXProject section */

/* Begin PBXResourcesBuildPhase section */
		8D1107290486CEB800E47090 /* Resources */ = {
			isa = PBXResourcesBuildPhase;
			buildActionMask = 2147483647;
			files = (
				8D11072B0486CEB800E47090 /* InfoPlist.strings in Resources */,
				1DDD58160DA1D0A300B32029 /* MainMenu.xib in Resources */,
				E1BD40D4112E76C200DE639A /* Focus.icns in Resources */,
				21AE5B04114C06C10096A903 /* Preferences.xib in Resources */,
			);
			runOnlyForDeploymentPostprocessing = 0;
		};
/* End PBXResourcesBuildPhase section */

/* Begin PBXSourcesBuildPhase section */
		8D11072C0486CEB800E47090 /* Sources */ = {
			isa = PBXSourcesBuildPhase;
			buildActionMask = 2147483647;
			files = (
				8D11072D0486CEB800E47090 /* main.m in Sources */,
				256AC3DA0F4B6AC300CF3369 /* FocusAppDelegate.m in Sources */,
				E1BD4006112E6D4800DE639A /* FocusNonactivatingView.m in Sources */,
				E1BD40EE112F753000DE639A /* FocusMenuBarView.m in Sources */,
				21AE5B17114C0C620096A903 /* AppController.m in Sources */,
				216B3690114C59EF002E2818 /* PrefController.m in Sources */,
				216BEE8C115FDF6C000A6E5A /* SR_LeopardView.m in Sources */,
				216BEE8D115FDF6C000A6E5A /* SRCommon.m in Sources */,
				216BEE8E115FDF6C000A6E5A /* SRKeyCodeTransformer.m in Sources */,
				216BEE8F115FDF6C000A6E5A /* SRRecorderCell.m in Sources */,
				216BEE90115FDF6C000A6E5A /* SRRecorderControl.m in Sources */,
				216BEE91115FDF6C000A6E5A /* SRValidator.m in Sources */,
			);
			runOnlyForDeploymentPostprocessing = 0;
		};
/* End PBXSourcesBuildPhase section */

/* Begin PBXVariantGroup section */
		089C165CFE840E0CC02AAC07 /* InfoPlist.strings */ = {
			isa = PBXVariantGroup;
			children = (
				089C165DFE840E0CC02AAC07 /* English */,
			);
			name = InfoPlist.strings;
			sourceTree = "<group>";
		};
		1DDD58140DA1D0A300B32029 /* MainMenu.xib */ = {
			isa = PBXVariantGroup;
			children = (
				1DDD58150DA1D0A300B32029 /* English */,
			);
			name = MainMenu.xib;
			sourceTree = "<group>";
		};
		21AE5B02114C06C10096A903 /* Preferences.xib */ = {
			isa = PBXVariantGroup;
			children = (
				21AE5B03114C06C10096A903 /* English */,
			);
			name = Preferences.xib;
			sourceTree = "<group>";
		};
/* End PBXVariantGroup section */

/* Begin XCBuildConfiguration section */
		C01FCF4B08A954540054247B /* Debug */ = {
			isa = XCBuildConfiguration;
			buildSettings = {
				ALWAYS_SEARCH_USER_PATHS = NO;
				COPY_PHASE_STRIP = NO;
				FRAMEWORK_SEARCH_PATHS = (
					"$(inherited)",
					"\"$(SRCROOT)/../shortcutrecorder-read-only/build/Debug\"",
					"\"$(SRCROOT)\"",
				);
				GCC_DYNAMIC_NO_PIC = NO;
				GCC_ENABLE_FIX_AND_CONTINUE = YES;
				GCC_MODEL_TUNING = G5;
				GCC_OPTIMIZATION_LEVEL = 0;
				GCC_PRECOMPILE_PREFIX_HEADER = YES;
				GCC_PREFIX_HEADER = Focus_Prefix.pch;
				INFOPLIST_FILE = "Focus-Info.plist";
				INSTALL_PATH = "$(HOME)/Applications";
				PRODUCT_NAME = Focus;
			};
			name = Debug;
		};
		C01FCF4C08A954540054247B /* Release */ = {
			isa = XCBuildConfiguration;
			buildSettings = {
				ALWAYS_SEARCH_USER_PATHS = NO;
				DEBUG_INFORMATION_FORMAT = "dwarf-with-dsym";
				FRAMEWORK_SEARCH_PATHS = (
					"$(inherited)",
					"\"$(SRCROOT)/../shortcutrecorder-read-only/build/Debug\"",
					"\"$(SRCROOT)\"",
				);
				GCC_MODEL_TUNING = G5;
				GCC_PRECOMPILE_PREFIX_HEADER = YES;
				GCC_PREFIX_HEADER = Focus_Prefix.pch;
				INFOPLIST_FILE = "Focus-Info.plist";
				INSTALL_PATH = "$(HOME)/Applications";
				PRODUCT_NAME = Focus;
			};
			name = Release;
		};
		C01FCF4F08A954540054247B /* Debug */ = {
			isa = XCBuildConfiguration;
			buildSettings = {
				ARCHS = "$(ARCHS_STANDARD_32_64_BIT)";
				GCC_C_LANGUAGE_STANDARD = gnu99;
				GCC_OPTIMIZATION_LEVEL = 0;
				GCC_WARN_ABOUT_RETURN_TYPE = YES;
				GCC_WARN_UNUSED_VARIABLE = YES;
				ONLY_ACTIVE_ARCH = YES;
				PREBINDING = NO;
				SDKROOT = macosx10.5;
			};
			name = Debug;
		};
		C01FCF5008A954540054247B /* Release */ = {
			isa = XCBuildConfiguration;
			buildSettings = {
				ARCHS = "$(ARCHS_STANDARD_32_64_BIT)";
				GCC_C_LANGUAGE_STANDARD = gnu99;
				GCC_WARN_ABOUT_RETURN_TYPE = YES;
				GCC_WARN_UNUSED_VARIABLE = YES;
				PREBINDING = NO;
				SDKROOT = macosx10.5;
			};
			name = Release;
		};
/* End XCBuildConfiguration section */

/* Begin XCConfigurationList section */
		C01FCF4A08A954540054247B /* Build configuration list for PBXNativeTarget "Focus" */ = {
			isa = XCConfigurationList;
			buildConfigurations = (
				C01FCF4B08A954540054247B /* Debug */,
				C01FCF4C08A954540054247B /* Release */,
			);
			defaultConfigurationIsVisible = 0;
			defaultConfigurationName = Release;
		};
		C01FCF4E08A954540054247B /* Build configuration list for PBXProject "Focus" */ = {
			isa = XCConfigurationList;
			buildConfigurations = (
				C01FCF4F08A954540054247B /* Debug */,
				C01FCF5008A954540054247B /* Release */,
			);
			defaultConfigurationIsVisible = 0;
			defaultConfigurationName = Release;
		};
/* End XCConfigurationList section */
	};
	rootObject = 29B97313FDCFA39411CA2CEA /* Project object */;
}
