// !$*UTF8*$!
{
	archiveVersion = 1;
	classes = {
	};
	objectVersion = 45;
	objects = {

/* Begin PBXBuildFile section */
		1DDD58160DA1D0A300B32029 /* MainMenu.xib in Resources */ = {isa = PBXBuildFile; fileRef = 1DDD58140DA1D0A300B32029 /* MainMenu.xib */; };
		216B3690114C59EF002E2818 /* FocusPreferencesController.m in Sources */ = {isa = PBXBuildFile; fileRef = 216B368F114C59EF002E2818 /* FocusPreferencesController.m */; };
		21AE5B04114C06C10096A903 /* Preferences.xib in Resources */ = {isa = PBXBuildFile; fileRef = 21AE5B02114C06C10096A903 /* Preferences.xib */; };
		256AC3DA0F4B6AC300CF3369 /* FocusAppDelegate.m in Sources */ = {isa = PBXBuildFile; fileRef = 256AC3D90F4B6AC300CF3369 /* FocusAppDelegate.m */; };
		8D11072B0486CEB800E47090 /* InfoPlist.strings in Resources */ = {isa = PBXBuildFile; fileRef = 089C165CFE840E0CC02AAC07 /* InfoPlist.strings */; };
		8D11072D0486CEB800E47090 /* main.m in Sources */ = {isa = PBXBuildFile; fileRef = 29B97316FDCFA39411CA2CEA /* main.m */; settings = {ATTRIBUTES = (); }; };
		8D11072F0486CEB800E47090 /* Cocoa.framework in Frameworks */ = {isa = PBXBuildFile; fileRef = 1058C7A1FEA54F0111CA2CBB /* Cocoa.framework */; };
		E11DFE5611F2481C001DCDED /* ShortcutRecorder.framework in Copy Frameworks */ = {isa = PBXBuildFile; fileRef = E11DFE4711F247DB001DCDED /* ShortcutRecorder.framework */; };
		E11DFE5F11F2488B001DCDED /* ShortcutRecorder.framework in Frameworks */ = {isa = PBXBuildFile; fileRef = E11DFE4711F247DB001DCDED /* ShortcutRecorder.framework */; };
		E14B6F46123416B300BA58AB /* NJRHotKeyManager.m in Sources */ = {isa = PBXBuildFile; fileRef = E14B6F45123416B300BA58AB /* NJRHotKeyManager.m */; };
		E14B6FDF12341D5600BA58AB /* NJRHotKey.m in Sources */ = {isa = PBXBuildFile; fileRef = E14B6FDE12341D5600BA58AB /* NJRHotKey.m */; };
		E14B72AA12344CA300BA58AB /* NJRDictionaryToHotKeyTransformer.m in Sources */ = {isa = PBXBuildFile; fileRef = E14B72A912344CA300BA58AB /* NJRDictionaryToHotKeyTransformer.m */; };
		E19F3CD5123593F500DFD7BA /* Credits.html in Resources */ = {isa = PBXBuildFile; fileRef = E19F3CD4123593F500DFD7BA /* Credits.html */; };
		E1BD4006112E6D4800DE639A /* FocusNonactivatingView.m in Sources */ = {isa = PBXBuildFile; fileRef = E1BD4005112E6D4800DE639A /* FocusNonactivatingView.m */; };
		E1BD40D4112E76C200DE639A /* Focus.icns in Resources */ = {isa = PBXBuildFile; fileRef = E1BD40D3112E76C200DE639A /* Focus.icns */; };
		E1BD40EE112F753000DE639A /* FocusMenuBarView.m in Sources */ = {isa = PBXBuildFile; fileRef = E1BD40ED112F753000DE639A /* FocusMenuBarView.m */; };
		E1BD4115112F7B6300DE639A /* Carbon.framework in Frameworks */ = {isa = PBXBuildFile; fileRef = E1BD4114112F7B6300DE639A /* Carbon.framework */; };
		E1D8F35612336ECF0019122A /* FocusDockTileView.m in Sources */ = {isa = PBXBuildFile; fileRef = E1D8F35512336ECF0019122A /* FocusDockTileView.m */; };
/* End PBXBuildFile section */

/* Begin PBXContainerItemProxy section */
		E11DFE4611F247DB001DCDED /* PBXContainerItemProxy */ = {
			isa = PBXContainerItemProxy;
			containerPortal = E11DFE3B11F247DA001DCDED /* ShortcutRecorder.xcodeproj */;
			proxyType = 2;
			remoteGlobalIDString = 939837800DA42965007F53F3;
			remoteInfo = "ShortcutRecorder.framework - with embedded ibplugin";
		};
		E11DFE4811F247DB001DCDED /* PBXContainerItemProxy */ = {
			isa = PBXContainerItemProxy;
			containerPortal = E11DFE3B11F247DA001DCDED /* ShortcutRecorder.xcodeproj */;
			proxyType = 2;
			remoteGlobalIDString = 939838A50DA4300F007F53F3;
			remoteInfo = "ShortcutRecorder.ibplugin - for embedding in framework";
		};
		E11DFE4A11F247DB001DCDED /* PBXContainerItemProxy */ = {
			isa = PBXContainerItemProxy;
			containerPortal = E11DFE3B11F247DA001DCDED /* ShortcutRecorder.xcodeproj */;
			proxyType = 2;
			remoteGlobalIDString = 93983B220DA43C4E007F53F3;
			remoteInfo = ShortcutRecorderFramework_Tester;
		};
		E11DFE4C11F247DB001DCDED /* PBXContainerItemProxy */ = {
			isa = PBXContainerItemProxy;
			containerPortal = E11DFE3B11F247DA001DCDED /* ShortcutRecorder.xcodeproj */;
			proxyType = 2;
			remoteGlobalIDString = 342E00CF109CCBF5009AD8CA;
			remoteInfo = "ShortcutRecorder.ibplugin - standalone";
		};
		E11DFE4E11F247DB001DCDED /* PBXContainerItemProxy */ = {
			isa = PBXContainerItemProxy;
			containerPortal = E11DFE3B11F247DA001DCDED /* ShortcutRecorder.xcodeproj */;
			proxyType = 2;
			remoteGlobalIDString = 342E0104109CCC36009AD8CA;
			remoteInfo = "ShortcutRecorder.framework - for embedding in ibplugin";
		};
		E11DFE5011F247FB001DCDED /* PBXContainerItemProxy */ = {
			isa = PBXContainerItemProxy;
			containerPortal = E11DFE3B11F247DA001DCDED /* ShortcutRecorder.xcodeproj */;
			proxyType = 1;
			remoteGlobalIDString = 9398377F0DA42965007F53F3;
			remoteInfo = "ShortcutRecorder.framework - with embedded ibplugin";
		};
/* End PBXContainerItemProxy section */

/* Begin PBXCopyFilesBuildPhase section */
		E11DFE6211F248AE001DCDED /* Copy Frameworks */ = {
			isa = PBXCopyFilesBuildPhase;
			buildActionMask = 2147483647;
			dstPath = "";
			dstSubfolderSpec = 10;
			files = (
				E11DFE5611F2481C001DCDED /* ShortcutRecorder.framework in Copy Frameworks */,
			);
			name = "Copy Frameworks";
			runOnlyForDeploymentPostprocessing = 0;
		};
/* End PBXCopyFilesBuildPhase section */

/* Begin PBXFileReference section */
		089C165DFE840E0CC02AAC07 /* English */ = {isa = PBXFileReference; fileEncoding = 4; lastKnownFileType = text.plist.strings; name = English; path = English.lproj/InfoPlist.strings; sourceTree = "<group>"; };
		1058C7A1FEA54F0111CA2CBB /* Cocoa.framework */ = {isa = PBXFileReference; lastKnownFileType = wrapper.framework; name = Cocoa.framework; path = /System/Library/Frameworks/Cocoa.framework; sourceTree = "<absolute>"; };
		1DDD58150DA1D0A300B32029 /* English */ = {isa = PBXFileReference; lastKnownFileType = file.xib; name = English; path = English.lproj/MainMenu.xib; sourceTree = "<group>"; };
		216B368E114C59EF002E2818 /* FocusPreferencesController.h */ = {isa = PBXFileReference; fileEncoding = 4; lastKnownFileType = sourcecode.c.h; path = FocusPreferencesController.h; sourceTree = "<group>"; tabWidth = 8; };
		216B368F114C59EF002E2818 /* FocusPreferencesController.m */ = {isa = PBXFileReference; fileEncoding = 4; lastKnownFileType = sourcecode.c.objc; path = FocusPreferencesController.m; sourceTree = "<group>"; tabWidth = 8; };
		21AE5B03114C06C10096A903 /* English */ = {isa = PBXFileReference; lastKnownFileType = file.xib; name = English; path = English.lproj/Preferences.xib; sourceTree = "<group>"; };
		256AC3D80F4B6AC300CF3369 /* FocusAppDelegate.h */ = {isa = PBXFileReference; fileEncoding = 4; lastKnownFileType = sourcecode.c.h; path = FocusAppDelegate.h; sourceTree = "<group>"; tabWidth = 8; };
		256AC3D90F4B6AC300CF3369 /* FocusAppDelegate.m */ = {isa = PBXFileReference; fileEncoding = 4; lastKnownFileType = sourcecode.c.objc; path = FocusAppDelegate.m; sourceTree = "<group>"; tabWidth = 8; };
		256AC3F00F4B6AF500CF3369 /* Focus_Prefix.pch */ = {isa = PBXFileReference; fileEncoding = 4; lastKnownFileType = sourcecode.c.h; path = Focus_Prefix.pch; sourceTree = "<group>"; };
		29B97316FDCFA39411CA2CEA /* main.m */ = {isa = PBXFileReference; fileEncoding = 4; lastKnownFileType = sourcecode.c.objc; path = main.m; sourceTree = "<group>"; };
		29B97324FDCFA39411CA2CEA /* AppKit.framework */ = {isa = PBXFileReference; lastKnownFileType = wrapper.framework; name = AppKit.framework; path = /System/Library/Frameworks/AppKit.framework; sourceTree = "<absolute>"; };
		29B97325FDCFA39411CA2CEA /* Foundation.framework */ = {isa = PBXFileReference; lastKnownFileType = wrapper.framework; name = Foundation.framework; path = /System/Library/Frameworks/Foundation.framework; sourceTree = "<absolute>"; };
		8D1107310486CEB800E47090 /* Focus-Info.plist */ = {isa = PBXFileReference; fileEncoding = 4; lastKnownFileType = text.plist.xml; path = "Focus-Info.plist"; sourceTree = "<group>"; };
		8D1107320486CEB800E47090 /* Focus.app */ = {isa = PBXFileReference; explicitFileType = wrapper.application; includeInIndex = 0; path = Focus.app; sourceTree = BUILT_PRODUCTS_DIR; };
		E11DFE3B11F247DA001DCDED /* ShortcutRecorder.xcodeproj */ = {isa = PBXFileReference; lastKnownFileType = "wrapper.pb-project"; name = ShortcutRecorder.xcodeproj; path = shortcutrecorder/ShortcutRecorder.xcodeproj; sourceTree = SOURCE_ROOT; };
		E14B6F45123416B300BA58AB /* NJRHotKeyManager.m */ = {isa = PBXFileReference; fileEncoding = 4; lastKnownFileType = sourcecode.c.objc; path = NJRHotKeyManager.m; sourceTree = "<group>"; };
		E14B6F4A123416DA00BA58AB /* NJRHotKeyManager.h */ = {isa = PBXFileReference; fileEncoding = 4; lastKnownFileType = sourcecode.c.h; path = NJRHotKeyManager.h; sourceTree = "<group>"; };
		E14B6FDD12341D5600BA58AB /* NJRHotKey.h */ = {isa = PBXFileReference; fileEncoding = 4; lastKnownFileType = sourcecode.c.h; path = NJRHotKey.h; sourceTree = "<group>"; };
		E14B6FDE12341D5600BA58AB /* NJRHotKey.m */ = {isa = PBXFileReference; fileEncoding = 4; lastKnownFileType = sourcecode.c.objc; path = NJRHotKey.m; sourceTree = "<group>"; };
		E14B72A812344CA300BA58AB /* NJRDictionaryToHotKeyTransformer.h */ = {isa = PBXFileReference; fileEncoding = 4; lastKnownFileType = sourcecode.c.h; path = NJRDictionaryToHotKeyTransformer.h; sourceTree = "<group>"; };
		E14B72A912344CA300BA58AB /* NJRDictionaryToHotKeyTransformer.m */ = {isa = PBXFileReference; fileEncoding = 4; lastKnownFileType = sourcecode.c.objc; path = NJRDictionaryToHotKeyTransformer.m; sourceTree = "<group>"; };
		E19F3CD1123593E700DFD7BA /* English */ = {isa = PBXFileReference; fileEncoding = 4; lastKnownFileType = text.html; name = English; path = English.lproj/Credits.html; sourceTree = "<group>"; };
		E1BD4004112E6D4800DE639A /* FocusNonactivatingView.h */ = {isa = PBXFileReference; fileEncoding = 4; lastKnownFileType = sourcecode.c.h; path = FocusNonactivatingView.h; sourceTree = "<group>"; tabWidth = 8; };
		E1BD4005112E6D4800DE639A /* FocusNonactivatingView.m */ = {isa = PBXFileReference; fileEncoding = 4; lastKnownFileType = sourcecode.c.objc; path = FocusNonactivatingView.m; sourceTree = "<group>"; tabWidth = 8; };
		E1BD40D3112E76C200DE639A /* Focus.icns */ = {isa = PBXFileReference; lastKnownFileType = image.icns; path = Focus.icns; sourceTree = "<group>"; };
		E1BD40EC112F753000DE639A /* FocusMenuBarView.h */ = {isa = PBXFileReference; fileEncoding = 4; lastKnownFileType = sourcecode.c.h; path = FocusMenuBarView.h; sourceTree = "<group>"; tabWidth = 8; };
		E1BD40ED112F753000DE639A /* FocusMenuBarView.m */ = {isa = PBXFileReference; fileEncoding = 4; lastKnownFileType = sourcecode.c.objc; path = FocusMenuBarView.m; sourceTree = "<group>"; tabWidth = 8; };
		E1BD4114112F7B6300DE639A /* Carbon.framework */ = {isa = PBXFileReference; lastKnownFileType = wrapper.framework; name = Carbon.framework; path = System/Library/Frameworks/Carbon.framework; sourceTree = SDKROOT; };
		E1D8F35412336ECF0019122A /* FocusDockTileView.h */ = {isa = PBXFileReference; fileEncoding = 4; lastKnownFileType = sourcecode.c.h; path = FocusDockTileView.h; sourceTree = "<group>"; };
		E1D8F35512336ECF0019122A /* FocusDockTileView.m */ = {isa = PBXFileReference; fileEncoding = 4; lastKnownFileType = sourcecode.c.objc; path = FocusDockTileView.m; sourceTree = "<group>"; };
/* End PBXFileReference section */

/* Begin PBXFrameworksBuildPhase section */
		8D11072E0486CEB800E47090 /* Frameworks */ = {
			isa = PBXFrameworksBuildPhase;
			buildActionMask = 2147483647;
			files = (
				E11DFE5F11F2488B001DCDED /* ShortcutRecorder.framework in Frameworks */,
				8D11072F0486CEB800E47090 /* Cocoa.framework in Frameworks */,
				E1BD4115112F7B6300DE639A /* Carbon.framework in Frameworks */,
			);
			runOnlyForDeploymentPostprocessing = 0;
		};
/* End PBXFrameworksBuildPhase section */

/* Begin PBXGroup section */
		080E96DDFE201D6D7F000001 /* Classes */ = {
			isa = PBXGroup;
			children = (
				256AC3D80F4B6AC300CF3369 /* FocusAppDelegate.h */,
				256AC3D90F4B6AC300CF3369 /* FocusAppDelegate.m */,
				216B368E114C59EF002E2818 /* FocusPreferencesController.h */,
				216B368F114C59EF002E2818 /* FocusPreferencesController.m */,
				E1BD40EC112F753000DE639A /* FocusMenuBarView.h */,
				E1BD40ED112F753000DE639A /* FocusMenuBarView.m */,
				E1BD4004112E6D4800DE639A /* FocusNonactivatingView.h */,
				E1BD4005112E6D4800DE639A /* FocusNonactivatingView.m */,
				E1D8F35412336ECF0019122A /* FocusDockTileView.h */,
				E1D8F35512336ECF0019122A /* FocusDockTileView.m */,
				E14B72A812344CA300BA58AB /* NJRDictionaryToHotKeyTransformer.h */,
				E14B72A912344CA300BA58AB /* NJRDictionaryToHotKeyTransformer.m */,
				E14B6FDD12341D5600BA58AB /* NJRHotKey.h */,
				E14B6FDE12341D5600BA58AB /* NJRHotKey.m */,
				E14B6F4A123416DA00BA58AB /* NJRHotKeyManager.h */,
				E14B6F45123416B300BA58AB /* NJRHotKeyManager.m */,
			);
			name = Classes;
			sourceTree = "<group>";
		};
		1058C7A0FEA54F0111CA2CBB /* Linked Frameworks */ = {
			isa = PBXGroup;
			children = (
				1058C7A1FEA54F0111CA2CBB /* Cocoa.framework */,
				E1BD4114112F7B6300DE639A /* Carbon.framework */,
			);
			name = "Linked Frameworks";
			sourceTree = "<group>";
		};
		1058C7A2FEA54F0111CA2CBB /* Other Frameworks */ = {
			isa = PBXGroup;
			children = (
				29B97324FDCFA39411CA2CEA /* AppKit.framework */,
				29B97325FDCFA39411CA2CEA /* Foundation.framework */,
			);
			name = "Other Frameworks";
			sourceTree = "<group>";
		};
		19C28FACFE9D520D11CA2CBB /* Products */ = {
			isa = PBXGroup;
			children = (
				8D1107320486CEB800E47090 /* Focus.app */,
			);
			name = Products;
			sourceTree = "<group>";
		};
		29B97314FDCFA39411CA2CEA /* Focus */ = {
			isa = PBXGroup;
			children = (
				080E96DDFE201D6D7F000001 /* Classes */,
				29B97315FDCFA39411CA2CEA /* Other Sources */,
				29B97317FDCFA39411CA2CEA /* Resources */,
				29B97323FDCFA39411CA2CEA /* Frameworks */,
				19C28FACFE9D520D11CA2CBB /* Products */,
			);
			name = Focus;
			sourceTree = "<group>";
		};
		29B97315FDCFA39411CA2CEA /* Other Sources */ = {
			isa = PBXGroup;
			children = (
				256AC3F00F4B6AF500CF3369 /* Focus_Prefix.pch */,
				29B97316FDCFA39411CA2CEA /* main.m */,
			);
			name = "Other Sources";
			sourceTree = "<group>";
		};
		29B97317FDCFA39411CA2CEA /* Resources */ = {
			isa = PBXGroup;
			children = (
				E1BD40D3112E76C200DE639A /* Focus.icns */,
				8D1107310486CEB800E47090 /* Focus-Info.plist */,
				E19F3CD4123593F500DFD7BA /* Credits.html */,
				089C165CFE840E0CC02AAC07 /* InfoPlist.strings */,
				1DDD58140DA1D0A300B32029 /* MainMenu.xib */,
				21AE5B02114C06C10096A903 /* Preferences.xib */,
			);
			name = Resources;
			sourceTree = "<group>";
		};
		29B97323FDCFA39411CA2CEA /* Frameworks */ = {
			isa = PBXGroup;
			children = (
				E11DFE3B11F247DA001DCDED /* ShortcutRecorder.xcodeproj */,
				1058C7A0FEA54F0111CA2CBB /* Linked Frameworks */,
				1058C7A2FEA54F0111CA2CBB /* Other Frameworks */,
			);
			name = Frameworks;
			sourceTree = "<group>";
		};
		E11DFE3E11F247DB001DCDED /* Products */ = {
			isa = PBXGroup;
			children = (
				E11DFE4711F247DB001DCDED /* ShortcutRecorder.framework */,
				E11DFE4911F247DB001DCDED /* ShortcutRecorder.ibplugin */,
				E11DFE4B11F247DB001DCDED /* ShortcutRecorder.app */,
				E11DFE4D11F247DB001DCDED /* ShortcutRecorder.ibplugin */,
				E11DFE4F11F247DB001DCDED /* ShortcutRecorder.framework */,
			);
			name = Products;
			sourceTree = "<group>";
		};
/* End PBXGroup section */

/* Begin PBXNativeTarget section */
		8D1107260486CEB800E47090 /* Focus */ = {
			isa = PBXNativeTarget;
			buildConfigurationList = C01FCF4A08A954540054247B /* Build configuration list for PBXNativeTarget "Focus" */;
			buildPhases = (
				E11DFE6211F248AE001DCDED /* Copy Frameworks */,
				8D1107290486CEB800E47090 /* Resources */,
				8D11072C0486CEB800E47090 /* Sources */,
				8D11072E0486CEB800E47090 /* Frameworks */,
			);
			buildRules = (
			);
			dependencies = (
				E11DFE5111F247FB001DCDED /* PBXTargetDependency */,
			);
			name = Focus;
			productInstallPath = "$(HOME)/Applications";
			productName = Focus;
			productReference = 8D1107320486CEB800E47090 /* Focus.app */;
			productType = "com.apple.product-type.application";
		};
/* End PBXNativeTarget section */

/* Begin PBXProject section */
		29B97313FDCFA39411CA2CEA /* Project object */ = {
			isa = PBXProject;
			buildConfigurationList = C01FCF4E08A954540054247B /* Build configuration list for PBXProject "Focus" */;
			compatibilityVersion = "Xcode 3.1";
			hasScannedForEncodings = 1;
			knownRegions = (
				English,
				Japanese,
				French,
				German,
				Dutch,
				sv,
			);
			mainGroup = 29B97314FDCFA39411CA2CEA /* Focus */;
			projectDirPath = "";
			projectReferences = (
				{
					ProductGroup = E11DFE3E11F247DB001DCDED /* Products */;
					ProjectRef = E11DFE3B11F247DA001DCDED /* ShortcutRecorder.xcodeproj */;
				},
			);
			projectRoot = "";
			targets = (
				8D1107260486CEB800E47090 /* Focus */,
			);
		};
/* End PBXProject section */

/* Begin PBXReferenceProxy section */
		E11DFE4711F247DB001DCDED /* ShortcutRecorder.framework */ = {
			isa = PBXReferenceProxy;
			fileType = wrapper.framework;
			path = ShortcutRecorder.framework;
			remoteRef = E11DFE4611F247DB001DCDED /* PBXContainerItemProxy */;
			sourceTree = BUILT_PRODUCTS_DIR;
		};
		E11DFE4911F247DB001DCDED /* ShortcutRecorder.ibplugin */ = {
			isa = PBXReferenceProxy;
			fileType = wrapper.cfbundle;
			path = ShortcutRecorder.ibplugin;
			remoteRef = E11DFE4811F247DB001DCDED /* PBXContainerItemProxy */;
			sourceTree = BUILT_PRODUCTS_DIR;
		};
		E11DFE4B11F247DB001DCDED /* ShortcutRecorder.app */ = {
			isa = PBXReferenceProxy;
			fileType = wrapper.application;
			path = ShortcutRecorder.app;
			remoteRef = E11DFE4A11F247DB001DCDED /* PBXContainerItemProxy */;
			sourceTree = BUILT_PRODUCTS_DIR;
		};
		E11DFE4D11F247DB001DCDED /* ShortcutRecorder.ibplugin */ = {
			isa = PBXReferenceProxy;
			fileType = wrapper.cfbundle;
			path = ShortcutRecorder.ibplugin;
			remoteRef = E11DFE4C11F247DB001DCDED /* PBXContainerItemProxy */;
			sourceTree = BUILT_PRODUCTS_DIR;
		};
		E11DFE4F11F247DB001DCDED /* ShortcutRecorder.framework */ = {
			isa = PBXReferenceProxy;
			fileType = wrapper.framework;
			path = ShortcutRecorder.framework;
			remoteRef = E11DFE4E11F247DB001DCDED /* PBXContainerItemProxy */;
			sourceTree = BUILT_PRODUCTS_DIR;
		};
/* End PBXReferenceProxy section */

/* Begin PBXResourcesBuildPhase section */
		8D1107290486CEB800E47090 /* Resources */ = {
			isa = PBXResourcesBuildPhase;
			buildActionMask = 2147483647;
			files = (
				8D11072B0486CEB800E47090 /* InfoPlist.strings in Resources */,
				1DDD58160DA1D0A300B32029 /* MainMenu.xib in Resources */,
				E1BD40D4112E76C200DE639A /* Focus.icns in Resources */,
				21AE5B04114C06C10096A903 /* Preferences.xib in Resources */,
				E19F3CD5123593F500DFD7BA /* Credits.html in Resources */,
			);
			runOnlyForDeploymentPostprocessing = 0;
		};
/* End PBXResourcesBuildPhase section */

/* Begin PBXSourcesBuildPhase section */
		8D11072C0486CEB800E47090 /* Sources */ = {
			isa = PBXSourcesBuildPhase;
			buildActionMask = 2147483647;
			files = (
				8D11072D0486CEB800E47090 /* main.m in Sources */,
				256AC3DA0F4B6AC300CF3369 /* FocusAppDelegate.m in Sources */,
				E1BD4006112E6D4800DE639A /* FocusNonactivatingView.m in Sources */,
				E1BD40EE112F753000DE639A /* FocusMenuBarView.m in Sources */,
				216B3690114C59EF002E2818 /* FocusPreferencesController.m in Sources */,
				E1D8F35612336ECF0019122A /* FocusDockTileView.m in Sources */,
				E14B6F46123416B300BA58AB /* NJRHotKeyManager.m in Sources */,
				E14B6FDF12341D5600BA58AB /* NJRHotKey.m in Sources */,
				E14B72AA12344CA300BA58AB /* NJRDictionaryToHotKeyTransformer.m in Sources */,
			);
			runOnlyForDeploymentPostprocessing = 0;
		};
/* End PBXSourcesBuildPhase section */

/* Begin PBXTargetDependency section */
		E11DFE5111F247FB001DCDED /* PBXTargetDependency */ = {
			isa = PBXTargetDependency;
			name = "ShortcutRecorder.framework - with embedded ibplugin";
			targetProxy = E11DFE5011F247FB001DCDED /* PBXContainerItemProxy */;
		};
/* End PBXTargetDependency section */

/* Begin PBXVariantGroup section */
		089C165CFE840E0CC02AAC07 /* InfoPlist.strings */ = {
			isa = PBXVariantGroup;
			children = (
				089C165DFE840E0CC02AAC07 /* English */,
			);
			name = InfoPlist.strings;
			sourceTree = "<group>";
		};
		1DDD58140DA1D0A300B32029 /* MainMenu.xib */ = {
			isa = PBXVariantGroup;
			children = (
				1DDD58150DA1D0A300B32029 /* English */,
			);
			name = MainMenu.xib;
			sourceTree = "<group>";
		};
		21AE5B02114C06C10096A903 /* Preferences.xib */ = {
			isa = PBXVariantGroup;
			children = (
				21AE5B03114C06C10096A903 /* English */,
			);
			name = Preferences.xib;
			sourceTree = "<group>";
		};
		E19F3CD4123593F500DFD7BA /* Credits.html */ = {
			isa = PBXVariantGroup;
			children = (
				E19F3CD1123593E700DFD7BA /* English */,
			);
			name = Credits.html;
			sourceTree = "<group>";
		};
/* End PBXVariantGroup section */

/* Begin XCBuildConfiguration section */
		C01FCF4B08A954540054247B /* Debug */ = {
			isa = XCBuildConfiguration;
			buildSettings = {
				ALWAYS_SEARCH_USER_PATHS = NO;
				COPY_PHASE_STRIP = NO;
				FRAMEWORK_SEARCH_PATHS = (
					"$(inherited)",
					"$(BUILT_PRODUCTS_DIR)/$(FRAMEWORKS_FOLDER_PATH)",
					"\"$(SRCROOT)\"",
				);
				GCC_DYNAMIC_NO_PIC = NO;
				GCC_ENABLE_FIX_AND_CONTINUE = YES;
				GCC_MODEL_TUNING = G5;
				GCC_OPTIMIZATION_LEVEL = 0;
				GCC_PRECOMPILE_PREFIX_HEADER = YES;
				GCC_PREFIX_HEADER = Focus_Prefix.pch;
				INFOPLIST_FILE = "Focus-Info.plist";
				INSTALL_PATH = "$(HOME)/Applications";
				PRODUCT_NAME = Focus;
			};
			name = Debug;
		};
		C01FCF4C08A954540054247B /* Release */ = {
			isa = XCBuildConfiguration;
			buildSettings = {
				ALWAYS_SEARCH_USER_PATHS = NO;
				DEBUG_INFORMATION_FORMAT = "dwarf-with-dsym";
				FRAMEWORK_SEARCH_PATHS = (
					"$(inherited)",
					"$(BUILT_PRODUCTS_DIR)/$(FRAMEWORKS_FOLDER_PATH)",
					"\"$(SRCROOT)\"",
				);
				GCC_MODEL_TUNING = G5;
				GCC_PRECOMPILE_PREFIX_HEADER = YES;
				GCC_PREFIX_HEADER = Focus_Prefix.pch;
				INFOPLIST_FILE = "Focus-Info.plist";
				INSTALL_PATH = "$(HOME)/Applications";
				PRODUCT_NAME = Focus;
			};
			name = Release;
		};
		C01FCF4F08A954540054247B /* Debug */ = {
			isa = XCBuildConfiguration;
			buildSettings = {
				ARCHS = "$(ARCHS_STANDARD_32_64_BIT)";
				CURRENT_PROJECT_VERSION = 5;
				GCC_C_LANGUAGE_STANDARD = gnu99;
				GCC_OPTIMIZATION_LEVEL = 0;
				GCC_VERSION = 4.2;
				GCC_WARN_ABOUT_RETURN_TYPE = YES;
				GCC_WARN_UNUSED_VARIABLE = YES;
				ONLY_ACTIVE_ARCH = YES;
				PREBINDING = NO;
				SDKROOT = macosx10.5;
				VERSIONING_SYSTEM = "apple-generic";
			};
			name = Debug;
		};
		C01FCF5008A954540054247B /* Release */ = {
			isa = XCBuildConfiguration;
			buildSettings = {
				ARCHS = "$(ARCHS_STANDARD_32_64_BIT)";
				CURRENT_PROJECT_VERSION = 5;
				GCC_C_LANGUAGE_STANDARD = gnu99;
				GCC_VERSION = 4.2;
				GCC_WARN_ABOUT_RETURN_TYPE = YES;
				GCC_WARN_UNUSED_VARIABLE = YES;
				PREBINDING = NO;
				SDKROOT = macosx10.5;
				VERSIONING_SYSTEM = "apple-generic";
			};
			name = Release;
		};
/* End XCBuildConfiguration section */

/* Begin XCConfigurationList section */
		C01FCF4A08A954540054247B /* Build configuration list for PBXNativeTarget "Focus" */ = {
			isa = XCConfigurationList;
			buildConfigurations = (
				C01FCF4B08A954540054247B /* Debug */,
				C01FCF4C08A954540054247B /* Release */,
			);
			defaultConfigurationIsVisible = 0;
			defaultConfigurationName = Release;
		};
		C01FCF4E08A954540054247B /* Build configuration list for PBXProject "Focus" */ = {
			isa = XCConfigurationList;
			buildConfigurations = (
				C01FCF4F08A954540054247B /* Debug */,
				C01FCF5008A954540054247B /* Release */,
			);
			defaultConfigurationIsVisible = 0;
			defaultConfigurationName = Release;
		};
/* End XCConfigurationList section */
	};
	rootObject = 29B97313FDCFA39411CA2CEA /* Project object */;
}
