// !$*UTF8*$!
{
	archiveVersion = 1;
	classes = {
	};
	objectVersion = 46;
	objects = {

/* Begin PBXBuildFile section */
		1DDD58160DA1D0A300B32029 /* MainMenu.xib in Resources */ = {isa = PBXBuildFile; fileRef = 1DDD58140DA1D0A300B32029 /* MainMenu.xib */; };
		216B3690114C59EF002E2818 /* ShroudPreferencesController.m in Sources */ = {isa = PBXBuildFile; fileRef = 216B368F114C59EF002E2818 /* ShroudPreferencesController.m */; };
		21AE5B04114C06C10096A903 /* Preferences.xib in Resources */ = {isa = PBXBuildFile; fileRef = 21AE5B02114C06C10096A903 /* Preferences.xib */; };
		256AC3DA0F4B6AC300CF3369 /* ShroudAppDelegate.m in Sources */ = {isa = PBXBuildFile; fileRef = 256AC3D90F4B6AC300CF3369 /* ShroudAppDelegate.m */; };
		8D11072B0486CEB800E47090 /* InfoPlist.strings in Resources */ = {isa = PBXBuildFile; fileRef = 089C165CFE840E0CC02AAC07 /* InfoPlist.strings */; };
		8D11072D0486CEB800E47090 /* main.m in Sources */ = {isa = PBXBuildFile; fileRef = 29B97316FDCFA39411CA2CEA /* main.m */; settings = {ATTRIBUTES = (); }; };
		8D11072F0486CEB800E47090 /* Cocoa.framework in Frameworks */ = {isa = PBXBuildFile; fileRef = 1058C7A1FEA54F0111CA2CBB /* Cocoa.framework */; };
		E11DFE5611F2481C001DCDED /* ShortcutRecorder.framework in Copy Frameworks */ = {isa = PBXBuildFile; fileRef = E11DFE4711F247DB001DCDED /* ShortcutRecorder.framework */; settings = {ATTRIBUTES = (CodeSignOnCopy, RemoveHeadersOnCopy, ); }; };
		E11DFE5F11F2488B001DCDED /* ShortcutRecorder.framework in Frameworks */ = {isa = PBXBuildFile; fileRef = E11DFE4711F247DB001DCDED /* ShortcutRecorder.framework */; };
		E14B6F46123416B300BA58AB /* NJRHotKeyManager.m in Sources */ = {isa = PBXBuildFile; fileRef = E14B6F45123416B300BA58AB /* NJRHotKeyManager.m */; };
		E14B6FDF12341D5600BA58AB /* NJRHotKey.m in Sources */ = {isa = PBXBuildFile; fileRef = E14B6FDE12341D5600BA58AB /* NJRHotKey.m */; };
		E14B72AA12344CA300BA58AB /* NJRDictionaryToHotKeyTransformer.m in Sources */ = {isa = PBXBuildFile; fileRef = E14B72A912344CA300BA58AB /* NJRDictionaryToHotKeyTransformer.m */; };
		E160711E12CE9FC300A6BBDE /* ShroudMenuBarVisibilityController.m in Sources */ = {isa = PBXBuildFile; fileRef = E160711D12CE9FC300A6BBDE /* ShroudMenuBarVisibilityController.m */; };
		E16E0870138F2C7200D0720B /* ShroudMenuBarPanel.m in Sources */ = {isa = PBXBuildFile; fileRef = E16E086F138F2C7200D0720B /* ShroudMenuBarPanel.m */; };
		E16E2AD91788A9C300E8A07F /* NSUserDefaultsController+NJRExtensions.m in Sources */ = {isa = PBXBuildFile; fileRef = E16E2AD81788A9C300E8A07F /* NSUserDefaultsController+NJRExtensions.m */; };
		E16E2ADA1788B16000E8A07F /* NSUserDefaultsController+NJRExtensions.m in Sources */ = {isa = PBXBuildFile; fileRef = E16E2AD81788A9C300E8A07F /* NSUserDefaultsController+NJRExtensions.m */; };
		E186F46012C3C3F20051E025 /* SFBCrashReporter.framework in Copy Frameworks */ = {isa = PBXBuildFile; fileRef = E186F45C12C3C3D10051E025 /* SFBCrashReporter.framework */; settings = {ATTRIBUTES = (CodeSignOnCopy, RemoveHeadersOnCopy, ); }; };
		E186F48112C3C7260051E025 /* SFBCrashReporter.framework in Frameworks */ = {isa = PBXBuildFile; fileRef = E186F45C12C3C3D10051E025 /* SFBCrashReporter.framework */; };
		E19F3CD5123593F500DFD7BA /* Credits.html in Resources */ = {isa = PBXBuildFile; fileRef = E19F3CD4123593F500DFD7BA /* Credits.html */; };
		E1A3D1E51786846F00957D63 /* ShroudDockTilePlugIn.m in Sources */ = {isa = PBXBuildFile; fileRef = E1A3D1E41786846F00957D63 /* ShroudDockTilePlugIn.m */; };
		E1A3D1F21787730300957D63 /* ShroudDockTileView.m in Sources */ = {isa = PBXBuildFile; fileRef = E1D8F35512336ECF0019122A /* ShroudDockTileView.m */; };
		E1A3D1F51787865300957D63 /* ShroudBackdropColor.m in Sources */ = {isa = PBXBuildFile; fileRef = E1A3D1F41787865300957D63 /* ShroudBackdropColor.m */; };
		E1A3D1F61787865900957D63 /* ShroudBackdropColor.m in Sources */ = {isa = PBXBuildFile; fileRef = E1A3D1F41787865300957D63 /* ShroudBackdropColor.m */; };
		E1A3D1F717878CFD00957D63 /* Cocoa.framework in Frameworks */ = {isa = PBXBuildFile; fileRef = 1058C7A1FEA54F0111CA2CBB /* Cocoa.framework */; };
		E1BD4006112E6D4800DE639A /* ShroudNonactivatingView.m in Sources */ = {isa = PBXBuildFile; fileRef = E1BD4005112E6D4800DE639A /* ShroudNonactivatingView.m */; };
		E1BD40D4112E76C200DE639A /* Shroud.icns in Resources */ = {isa = PBXBuildFile; fileRef = E1BD40D3112E76C200DE639A /* Shroud.icns */; };
		E1BD40EE112F753000DE639A /* ShroudMenuBarView.m in Sources */ = {isa = PBXBuildFile; fileRef = E1BD40ED112F753000DE639A /* ShroudMenuBarView.m */; };
		E1BD4115112F7B6300DE639A /* Carbon.framework in Frameworks */ = {isa = PBXBuildFile; fileRef = E1BD4114112F7B6300DE639A /* Carbon.framework */; };
		E1D8F35612336ECF0019122A /* ShroudDockTileView.m in Sources */ = {isa = PBXBuildFile; fileRef = E1D8F35512336ECF0019122A /* ShroudDockTileView.m */; };
		E1D94343123F760C005DA161 /* Sparkle.framework in Copy Frameworks */ = {isa = PBXBuildFile; fileRef = E1D94336123F75DF005DA161 /* Sparkle.framework */; settings = {ATTRIBUTES = (CodeSignOnCopy, RemoveHeadersOnCopy, ); }; };
		E1D9435C123F793A005DA161 /* dsa_pub.pem in Resources */ = {isa = PBXBuildFile; fileRef = E1D9435B123F793A005DA161 /* dsa_pub.pem */; };
		E1E4EDA82E5BBED0007C516A /* ShroudScreenPanel.m in Sources */ = {isa = PBXBuildFile; fileRef = E1E4EDA72E5BBED0007C516A /* ShroudScreenPanel.m */; };
		E1E578A0125BB5A2001985D3 /* Sparkle.framework in Frameworks */ = {isa = PBXBuildFile; fileRef = E1D94336123F75DF005DA161 /* Sparkle.framework */; };
/* End PBXBuildFile section */

/* Begin PBXContainerItemProxy section */
		E11DFE4611F247DB001DCDED /* PBXContainerItemProxy */ = {
			isa = PBXContainerItemProxy;
			containerPortal = E11DFE3B11F247DA001DCDED /* ShortcutRecorder.xcodeproj */;
			proxyType = 2;
			remoteGlobalIDString = 939837800DA42965007F53F3;
			remoteInfo = "ShortcutRecorder.framework - with embedded ibplugin";
		};
		E11DFE4811F247DB001DCDED /* PBXContainerItemProxy */ = {
			isa = PBXContainerItemProxy;
			containerPortal = E11DFE3B11F247DA001DCDED /* ShortcutRecorder.xcodeproj */;
			proxyType = 2;
			remoteGlobalIDString = 939838A50DA4300F007F53F3;
			remoteInfo = "ShortcutRecorder.ibplugin - for embedding in framework";
		};
		E11DFE4A11F247DB001DCDED /* PBXContainerItemProxy */ = {
			isa = PBXContainerItemProxy;
			containerPortal = E11DFE3B11F247DA001DCDED /* ShortcutRecorder.xcodeproj */;
			proxyType = 2;
			remoteGlobalIDString = 93983B220DA43C4E007F53F3;
			remoteInfo = ShortcutRecorderFramework_Tester;
		};
		E11DFE4C11F247DB001DCDED /* PBXContainerItemProxy */ = {
			isa = PBXContainerItemProxy;
			containerPortal = E11DFE3B11F247DA001DCDED /* ShortcutRecorder.xcodeproj */;
			proxyType = 2;
			remoteGlobalIDString = 342E00CF109CCBF5009AD8CA;
			remoteInfo = "ShortcutRecorder.ibplugin - standalone";
		};
		E11DFE4E11F247DB001DCDED /* PBXContainerItemProxy */ = {
			isa = PBXContainerItemProxy;
			containerPortal = E11DFE3B11F247DA001DCDED /* ShortcutRecorder.xcodeproj */;
			proxyType = 2;
			remoteGlobalIDString = 342E0104109CCC36009AD8CA;
			remoteInfo = "ShortcutRecorder.framework - for embedding in ibplugin";
		};
		E13A2E161562199F0053BD07 /* PBXContainerItemProxy */ = {
			isa = PBXContainerItemProxy;
			containerPortal = E11DFE3B11F247DA001DCDED /* ShortcutRecorder.xcodeproj */;
			proxyType = 1;
			remoteGlobalIDString = 342E00EB109CCC36009AD8CA;
			remoteInfo = "ShortcutRecorder.framework - for embedding in ibplugin";
		};
		E14CCC1D2159B1F20063EF2C /* PBXContainerItemProxy */ = {
			isa = PBXContainerItemProxy;
			containerPortal = E1D9432A123F75DF005DA161 /* Sparkle.xcodeproj */;
			proxyType = 2;
			remoteGlobalIDString = 726B2B5D1C645FC900388755;
			remoteInfo = "UI Tests";
		};
		E14CCC232159B4010063EF2C /* PBXContainerItemProxy */ = {
			isa = PBXContainerItemProxy;
			containerPortal = E1D9432A123F75DF005DA161 /* Sparkle.xcodeproj */;
			proxyType = 2;
			remoteGlobalIDString = 5AE13FB31E0D9E07000D2C2C;
			remoteInfo = generate_appcast;
		};
		E186F45B12C3C3D10051E025 /* PBXContainerItemProxy */ = {
			isa = PBXContainerItemProxy;
			containerPortal = E186F45712C3C3D10051E025 /* SFBCrashReporter.xcodeproj */;
			proxyType = 2;
			remoteGlobalIDString = 8DC2EF5B0486A6940098B216;
			remoteInfo = SFBCrashReporter;
		};
		E186F46112C3C4030051E025 /* PBXContainerItemProxy */ = {
			isa = PBXContainerItemProxy;
			containerPortal = E186F45712C3C3D10051E025 /* SFBCrashReporter.xcodeproj */;
			proxyType = 1;
			remoteGlobalIDString = 8DC2EF4F0486A6940098B216;
			remoteInfo = SFBCrashReporter;
		};
		E1D94335123F75DF005DA161 /* PBXContainerItemProxy */ = {
			isa = PBXContainerItemProxy;
			containerPortal = E1D9432A123F75DF005DA161 /* Sparkle.xcodeproj */;
			proxyType = 2;
			remoteGlobalIDString = 8DC2EF5B0486A6940098B216;
			remoteInfo = Sparkle;
		};
		E1D94337123F75DF005DA161 /* PBXContainerItemProxy */ = {
			isa = PBXContainerItemProxy;
			containerPortal = E1D9432A123F75DF005DA161 /* Sparkle.xcodeproj */;
			proxyType = 2;
			remoteGlobalIDString = 61B5F90209C4CEE200B25A18;
			remoteInfo = "Sparkle Test App";
		};
		E1D9433B123F75DF005DA161 /* PBXContainerItemProxy */ = {
			isa = PBXContainerItemProxy;
			containerPortal = E1D9432A123F75DF005DA161 /* Sparkle.xcodeproj */;
			proxyType = 2;
			remoteGlobalIDString = 612279D90DB5470200AB99EA;
			remoteInfo = "Sparkle Unit Tests";
		};
		E1D9433D123F75DF005DA161 /* PBXContainerItemProxy */ = {
			isa = PBXContainerItemProxy;
			containerPortal = E1D9432A123F75DF005DA161 /* Sparkle.xcodeproj */;
			proxyType = 2;
			remoteGlobalIDString = 5D06E8D00FD68C7C005AE3F6;
			remoteInfo = BinaryDelta;
		};
		E1D94340123F75F5005DA161 /* PBXContainerItemProxy */ = {
			isa = PBXContainerItemProxy;
			containerPortal = E1D9432A123F75DF005DA161 /* Sparkle.xcodeproj */;
			proxyType = 1;
			remoteGlobalIDString = 8DC2EF4F0486A6940098B216;
			remoteInfo = Sparkle;
		};
		E1E4ED8E2E5BBB1F007C516A /* PBXContainerItemProxy */ = {
			isa = PBXContainerItemProxy;
			containerPortal = E1D9432A123F75DF005DA161 /* Sparkle.xcodeproj */;
			proxyType = 2;
			remoteGlobalIDString = 72B398D21D3D879300EE297F;
			remoteInfo = Autoupdate;
		};
		E1E4ED902E5BBB1F007C516A /* PBXContainerItemProxy */ = {
			isa = PBXContainerItemProxy;
			containerPortal = E1D9432A123F75DF005DA161 /* Sparkle.xcodeproj */;
			proxyType = 2;
			remoteGlobalIDString = 726E07AD1CAF08D6001A286B;
			remoteInfo = SparkleInstallerLauncher;
		};
		E1E4ED922E5BBB1F007C516A /* PBXContainerItemProxy */ = {
			isa = PBXContainerItemProxy;
			containerPortal = E1D9432A123F75DF005DA161 /* Sparkle.xcodeproj */;
			proxyType = 2;
			remoteGlobalIDString = 724BB36C1D31D0B7005D534A;
			remoteInfo = SparkleInstallerConnection;
		};
		E1E4ED942E5BBB1F007C516A /* PBXContainerItemProxy */ = {
			isa = PBXContainerItemProxy;
			containerPortal = E1D9432A123F75DF005DA161 /* Sparkle.xcodeproj */;
			proxyType = 2;
			remoteGlobalIDString = 724BB3931D333832005D534A;
			remoteInfo = SparkleInstallerStatus;
		};
		E1E4ED962E5BBB1F007C516A /* PBXContainerItemProxy */ = {
			isa = PBXContainerItemProxy;
			containerPortal = E1D9432A123F75DF005DA161 /* Sparkle.xcodeproj */;
			proxyType = 2;
			remoteGlobalIDString = 726E07EF1CAF37BD001A286B;
			remoteInfo = SparkleDownloader;
		};
		E1E4ED982E5BBB1F007C516A /* PBXContainerItemProxy */ = {
			isa = PBXContainerItemProxy;
			containerPortal = E1D9432A123F75DF005DA161 /* Sparkle.xcodeproj */;
			proxyType = 2;
			remoteGlobalIDString = 726E4A161C86C88F00C57C6A;
			remoteInfo = TestAppHelper;
		};
		E1E4ED9A2E5BBB1F007C516A /* PBXContainerItemProxy */ = {
			isa = PBXContainerItemProxy;
			containerPortal = E1D9432A123F75DF005DA161 /* Sparkle.xcodeproj */;
			proxyType = 2;
			remoteGlobalIDString = 72D9549E1CBB415B006F28BD;
			remoteInfo = "sparkle-cli";
		};
		E1E4ED9C2E5BBB1F007C516A /* PBXContainerItemProxy */ = {
			isa = PBXContainerItemProxy;
			containerPortal = E1D9432A123F75DF005DA161 /* Sparkle.xcodeproj */;
			proxyType = 2;
			remoteGlobalIDString = 721C24451CB753E6005440CB;
			remoteInfo = "Installer Progress";
		};
		E1E4ED9E2E5BBB1F007C516A /* PBXContainerItemProxy */ = {
			isa = PBXContainerItemProxy;
			containerPortal = E1D9432A123F75DF005DA161 /* Sparkle.xcodeproj */;
			proxyType = 2;
			remoteGlobalIDString = EA1E285E22B66487004AA304;
			remoteInfo = generate_keys;
		};
		E1E4EDA02E5BBB1F007C516A /* PBXContainerItemProxy */ = {
			isa = PBXContainerItemProxy;
			containerPortal = E1D9432A123F75DF005DA161 /* Sparkle.xcodeproj */;
			proxyType = 2;
			remoteGlobalIDString = EA1E287622B666EB004AA304;
			remoteInfo = sign_update;
		};
		E1E4EDA22E5BBB1F007C516A /* PBXContainerItemProxy */ = {
			isa = PBXContainerItemProxy;
			containerPortal = E1D9432A123F75DF005DA161 /* Sparkle.xcodeproj */;
			proxyType = 2;
			remoteGlobalIDString = EA1E280F22B64522004AA304;
			remoteInfo = bsdiff;
		};
		E1E4EDA42E5BBB1F007C516A /* PBXContainerItemProxy */ = {
			isa = PBXContainerItemProxy;
			containerPortal = E1D9432A123F75DF005DA161 /* Sparkle.xcodeproj */;
			proxyType = 2;
			remoteGlobalIDString = EA1E282D22B660BE004AA304;
			remoteInfo = ed25519;
		};
/* End PBXContainerItemProxy section */

/* Begin PBXCopyFilesBuildPhase section */
		E11DFE6211F248AE001DCDED /* Copy Frameworks */ = {
			isa = PBXCopyFilesBuildPhase;
			buildActionMask = 2147483647;
			dstPath = "";
			dstSubfolderSpec = 10;
			files = (
				E186F46012C3C3F20051E025 /* SFBCrashReporter.framework in Copy Frameworks */,
				E11DFE5611F2481C001DCDED /* ShortcutRecorder.framework in Copy Frameworks */,
				E1D94343123F760C005DA161 /* Sparkle.framework in Copy Frameworks */,
			);
			name = "Copy Frameworks";
			runOnlyForDeploymentPostprocessing = 0;
		};
/* End PBXCopyFilesBuildPhase section */

/* Begin PBXFileReference section */
		089C165DFE840E0CC02AAC07 /* English */ = {isa = PBXFileReference; fileEncoding = 4; lastKnownFileType = text.plist.strings; name = English; path = English.lproj/InfoPlist.strings; sourceTree = "<group>"; };
		1058C7A1FEA54F0111CA2CBB /* Cocoa.framework */ = {isa = PBXFileReference; lastKnownFileType = wrapper.framework; name = Cocoa.framework; path = /System/Library/Frameworks/Cocoa.framework; sourceTree = "<absolute>"; };
		216B368E114C59EF002E2818 /* ShroudPreferencesController.h */ = {isa = PBXFileReference; fileEncoding = 4; lastKnownFileType = sourcecode.c.h; lineEnding = 0; path = ShroudPreferencesController.h; sourceTree = "<group>"; tabWidth = 8; xcLanguageSpecificationIdentifier = xcode.lang.objcpp; };
		216B368F114C59EF002E2818 /* ShroudPreferencesController.m */ = {isa = PBXFileReference; fileEncoding = 4; lastKnownFileType = sourcecode.c.objc; lineEnding = 0; path = ShroudPreferencesController.m; sourceTree = "<group>"; tabWidth = 8; xcLanguageSpecificationIdentifier = xcode.lang.objc; };
		256AC3D80F4B6AC300CF3369 /* ShroudAppDelegate.h */ = {isa = PBXFileReference; fileEncoding = 4; lastKnownFileType = sourcecode.c.h; lineEnding = 0; path = ShroudAppDelegate.h; sourceTree = "<group>"; tabWidth = 8; xcLanguageSpecificationIdentifier = xcode.lang.objcpp; };
		256AC3D90F4B6AC300CF3369 /* ShroudAppDelegate.m */ = {isa = PBXFileReference; fileEncoding = 4; lastKnownFileType = sourcecode.c.objc; lineEnding = 0; path = ShroudAppDelegate.m; sourceTree = "<group>"; tabWidth = 8; xcLanguageSpecificationIdentifier = xcode.lang.objc; };
		256AC3F00F4B6AF500CF3369 /* Shroud_Prefix.pch */ = {isa = PBXFileReference; fileEncoding = 4; lastKnownFileType = sourcecode.c.h; path = Shroud_Prefix.pch; sourceTree = "<group>"; };
		29B97316FDCFA39411CA2CEA /* main.m */ = {isa = PBXFileReference; fileEncoding = 4; lastKnownFileType = sourcecode.c.objc; path = main.m; sourceTree = "<group>"; };
		29B97324FDCFA39411CA2CEA /* AppKit.framework */ = {isa = PBXFileReference; lastKnownFileType = wrapper.framework; name = AppKit.framework; path = /System/Library/Frameworks/AppKit.framework; sourceTree = "<absolute>"; };
		29B97325FDCFA39411CA2CEA /* Foundation.framework */ = {isa = PBXFileReference; lastKnownFileType = wrapper.framework; name = Foundation.framework; path = /System/Library/Frameworks/Foundation.framework; sourceTree = "<absolute>"; };
		8D1107310486CEB800E47090 /* Shroud-Info.plist */ = {isa = PBXFileReference; fileEncoding = 4; lastKnownFileType = text.plist.xml; path = "Shroud-Info.plist"; sourceTree = "<group>"; };
		8D1107320486CEB800E47090 /* Shroud.app */ = {isa = PBXFileReference; explicitFileType = wrapper.application; includeInIndex = 0; path = Shroud.app; sourceTree = BUILT_PRODUCTS_DIR; };
		E11DFE3B11F247DA001DCDED /* ShortcutRecorder.xcodeproj */ = {isa = PBXFileReference; lastKnownFileType = "wrapper.pb-project"; name = ShortcutRecorder.xcodeproj; path = shortcutrecorder/ShortcutRecorder.xcodeproj; sourceTree = SOURCE_ROOT; };
		E14B66D82179415300E3EF83 /* Base */ = {isa = PBXFileReference; lastKnownFileType = file.xib; name = Base; path = Base.lproj/MainMenu.xib; sourceTree = "<group>"; };
		E14B66D92179415300E3EF83 /* Base */ = {isa = PBXFileReference; lastKnownFileType = file.xib; name = Base; path = Base.lproj/Preferences.xib; sourceTree = "<group>"; };
		E14B6F45123416B300BA58AB /* NJRHotKeyManager.m */ = {isa = PBXFileReference; fileEncoding = 4; lastKnownFileType = sourcecode.c.objc; path = NJRHotKeyManager.m; sourceTree = "<group>"; };
		E14B6F4A123416DA00BA58AB /* NJRHotKeyManager.h */ = {isa = PBXFileReference; fileEncoding = 4; lastKnownFileType = sourcecode.c.h; path = NJRHotKeyManager.h; sourceTree = "<group>"; };
		E14B6FDD12341D5600BA58AB /* NJRHotKey.h */ = {isa = PBXFileReference; fileEncoding = 4; lastKnownFileType = sourcecode.c.h; path = NJRHotKey.h; sourceTree = "<group>"; };
		E14B6FDE12341D5600BA58AB /* NJRHotKey.m */ = {isa = PBXFileReference; fileEncoding = 4; lastKnownFileType = sourcecode.c.objc; path = NJRHotKey.m; sourceTree = "<group>"; };
		E14B72A812344CA300BA58AB /* NJRDictionaryToHotKeyTransformer.h */ = {isa = PBXFileReference; fileEncoding = 4; lastKnownFileType = sourcecode.c.h; path = NJRDictionaryToHotKeyTransformer.h; sourceTree = "<group>"; };
		E14B72A912344CA300BA58AB /* NJRDictionaryToHotKeyTransformer.m */ = {isa = PBXFileReference; fileEncoding = 4; lastKnownFileType = sourcecode.c.objc; path = NJRDictionaryToHotKeyTransformer.m; sourceTree = "<group>"; };
		E160711C12CE9FC300A6BBDE /* ShroudMenuBarVisibilityController.h */ = {isa = PBXFileReference; fileEncoding = 4; lastKnownFileType = sourcecode.c.h; path = ShroudMenuBarVisibilityController.h; sourceTree = "<group>"; };
		E160711D12CE9FC300A6BBDE /* ShroudMenuBarVisibilityController.m */ = {isa = PBXFileReference; fileEncoding = 4; lastKnownFileType = sourcecode.c.objc; path = ShroudMenuBarVisibilityController.m; sourceTree = "<group>"; };
		E16E086E138F2C7200D0720B /* ShroudMenuBarPanel.h */ = {isa = PBXFileReference; fileEncoding = 4; lastKnownFileType = sourcecode.c.h; path = ShroudMenuBarPanel.h; sourceTree = "<group>"; };
		E16E086F138F2C7200D0720B /* ShroudMenuBarPanel.m */ = {isa = PBXFileReference; fileEncoding = 4; lastKnownFileType = sourcecode.c.objc; path = ShroudMenuBarPanel.m; sourceTree = "<group>"; };
		E16E2AD71788A9C300E8A07F /* NSUserDefaultsController+NJRExtensions.h */ = {isa = PBXFileReference; fileEncoding = 4; lastKnownFileType = sourcecode.c.h; path = "NSUserDefaultsController+NJRExtensions.h"; sourceTree = "<group>"; };
		E16E2AD81788A9C300E8A07F /* NSUserDefaultsController+NJRExtensions.m */ = {isa = PBXFileReference; fileEncoding = 4; lastKnownFileType = sourcecode.c.objc; path = "NSUserDefaultsController+NJRExtensions.m"; sourceTree = "<group>"; };
		E186F45712C3C3D10051E025 /* SFBCrashReporter.xcodeproj */ = {isa = PBXFileReference; lastKnownFileType = "wrapper.pb-project"; name = SFBCrashReporter.xcodeproj; path = SFBCrashReporter/SFBCrashReporter.xcodeproj; sourceTree = "<group>"; };
		E19F3CD1123593E700DFD7BA /* English */ = {isa = PBXFileReference; fileEncoding = 10; lastKnownFileType = text.html; name = English; path = English.lproj/Credits.html; sourceTree = "<group>"; };
		E1A3D1D11786839200957D63 /* ShroudDockTilePlugIn.docktileplugin */ = {isa = PBXFileReference; explicitFileType = wrapper.cfbundle; includeInIndex = 0; path = ShroudDockTilePlugIn.docktileplugin; sourceTree = BUILT_PRODUCTS_DIR; };
		E1A3D1D71786839200957D63 /* ShroudDockTilePlugIn-Info.plist */ = {isa = PBXFileReference; lastKnownFileType = text.plist.xml; path = "ShroudDockTilePlugIn-Info.plist"; sourceTree = "<group>"; };
		E1A3D1DB1786839200957D63 /* ShroudDockTilePlugIn-Prefix.pch */ = {isa = PBXFileReference; lastKnownFileType = sourcecode.c.h; path = "ShroudDockTilePlugIn-Prefix.pch"; sourceTree = "<group>"; };
		E1A3D1E31786846F00957D63 /* ShroudDockTilePlugIn.h */ = {isa = PBXFileReference; fileEncoding = 4; lastKnownFileType = sourcecode.c.h; path = ShroudDockTilePlugIn.h; sourceTree = "<group>"; };
		E1A3D1E41786846F00957D63 /* ShroudDockTilePlugIn.m */ = {isa = PBXFileReference; fileEncoding = 4; lastKnownFileType = sourcecode.c.objc; path = ShroudDockTilePlugIn.m; sourceTree = "<group>"; };
		E1A3D1F31787865300957D63 /* ShroudBackdropColor.h */ = {isa = PBXFileReference; fileEncoding = 4; lastKnownFileType = sourcecode.c.h; path = ShroudBackdropColor.h; sourceTree = "<group>"; };
		E1A3D1F41787865300957D63 /* ShroudBackdropColor.m */ = {isa = PBXFileReference; fileEncoding = 4; lastKnownFileType = sourcecode.c.objc; lineEnding = 0; path = ShroudBackdropColor.m; sourceTree = "<group>"; xcLanguageSpecificationIdentifier = xcode.lang.objc; };
		E1BD4004112E6D4800DE639A /* ShroudNonactivatingView.h */ = {isa = PBXFileReference; fileEncoding = 4; lastKnownFileType = sourcecode.c.h; path = ShroudNonactivatingView.h; sourceTree = "<group>"; tabWidth = 8; };
		E1BD4005112E6D4800DE639A /* ShroudNonactivatingView.m */ = {isa = PBXFileReference; fileEncoding = 4; lastKnownFileType = sourcecode.c.objc; path = ShroudNonactivatingView.m; sourceTree = "<group>"; tabWidth = 8; };
		E1BD40D3112E76C200DE639A /* Shroud.icns */ = {isa = PBXFileReference; lastKnownFileType = image.icns; path = Shroud.icns; sourceTree = "<group>"; };
		E1BD40EC112F753000DE639A /* ShroudMenuBarView.h */ = {isa = PBXFileReference; fileEncoding = 4; lastKnownFileType = sourcecode.c.h; path = ShroudMenuBarView.h; sourceTree = "<group>"; tabWidth = 8; };
		E1BD40ED112F753000DE639A /* ShroudMenuBarView.m */ = {isa = PBXFileReference; fileEncoding = 4; lastKnownFileType = sourcecode.c.objc; path = ShroudMenuBarView.m; sourceTree = "<group>"; tabWidth = 8; };
		E1BD4114112F7B6300DE639A /* Carbon.framework */ = {isa = PBXFileReference; lastKnownFileType = wrapper.framework; name = Carbon.framework; path = System/Library/Frameworks/Carbon.framework; sourceTree = SDKROOT; };
		E1D8F35412336ECF0019122A /* ShroudDockTileView.h */ = {isa = PBXFileReference; fileEncoding = 4; lastKnownFileType = sourcecode.c.h; path = ShroudDockTileView.h; sourceTree = "<group>"; };
		E1D8F35512336ECF0019122A /* ShroudDockTileView.m */ = {isa = PBXFileReference; fileEncoding = 4; lastKnownFileType = sourcecode.c.objc; path = ShroudDockTileView.m; sourceTree = "<group>"; };
		E1D9432A123F75DF005DA161 /* Sparkle.xcodeproj */ = {isa = PBXFileReference; lastKnownFileType = "wrapper.pb-project"; name = Sparkle.xcodeproj; path = Sparkle/Sparkle.xcodeproj; sourceTree = "<group>"; };
		E1D9435B123F793A005DA161 /* dsa_pub.pem */ = {isa = PBXFileReference; fileEncoding = 4; lastKnownFileType = text; path = dsa_pub.pem; sourceTree = "<group>"; };
		E1E4EDA62E5BBED0007C516A /* ShroudScreenPanel.h */ = {isa = PBXFileReference; lastKnownFileType = sourcecode.c.h; path = ShroudScreenPanel.h; sourceTree = "<group>"; };
		E1E4EDA72E5BBED0007C516A /* ShroudScreenPanel.m */ = {isa = PBXFileReference; lastKnownFileType = sourcecode.c.objc; path = ShroudScreenPanel.m; sourceTree = "<group>"; };
/* End PBXFileReference section */

/* Begin PBXFrameworksBuildPhase section */
		8D11072E0486CEB800E47090 /* Frameworks */ = {
			isa = PBXFrameworksBuildPhase;
			buildActionMask = 2147483647;
			files = (
				8D11072F0486CEB800E47090 /* Cocoa.framework in Frameworks */,
				E1BD4115112F7B6300DE639A /* Carbon.framework in Frameworks */,
				E186F48112C3C7260051E025 /* SFBCrashReporter.framework in Frameworks */,
				E11DFE5F11F2488B001DCDED /* ShortcutRecorder.framework in Frameworks */,
				E1E578A0125BB5A2001985D3 /* Sparkle.framework in Frameworks */,
			);
			runOnlyForDeploymentPostprocessing = 0;
		};
		E1A3D1CE1786839200957D63 /* Frameworks */ = {
			isa = PBXFrameworksBuildPhase;
			buildActionMask = 2147483647;
			files = (
				E1A3D1F717878CFD00957D63 /* Cocoa.framework in Frameworks */,
			);
			runOnlyForDeploymentPostprocessing = 0;
		};
/* End PBXFrameworksBuildPhase section */

/* Begin PBXGroup section */
		080E96DDFE201D6D7F000001 /* Classes */ = {
			isa = PBXGroup;
			children = (
				256AC3D80F4B6AC300CF3369 /* ShroudAppDelegate.h */,
				256AC3D90F4B6AC300CF3369 /* ShroudAppDelegate.m */,
				E1E4EDA62E5BBED0007C516A /* ShroudScreenPanel.h */,
				E1E4EDA72E5BBED0007C516A /* ShroudScreenPanel.m */,
				E1A3D1F31787865300957D63 /* ShroudBackdropColor.h */,
				E1A3D1F41787865300957D63 /* ShroudBackdropColor.m */,
				216B368E114C59EF002E2818 /* ShroudPreferencesController.h */,
				216B368F114C59EF002E2818 /* ShroudPreferencesController.m */,
				E16E086E138F2C7200D0720B /* ShroudMenuBarPanel.h */,
				E16E086F138F2C7200D0720B /* ShroudMenuBarPanel.m */,
				E1BD40EC112F753000DE639A /* ShroudMenuBarView.h */,
				E1BD40ED112F753000DE639A /* ShroudMenuBarView.m */,
				E160711C12CE9FC300A6BBDE /* ShroudMenuBarVisibilityController.h */,
				E160711D12CE9FC300A6BBDE /* ShroudMenuBarVisibilityController.m */,
				E1BD4004112E6D4800DE639A /* ShroudNonactivatingView.h */,
				E1BD4005112E6D4800DE639A /* ShroudNonactivatingView.m */,
				E1D8F35412336ECF0019122A /* ShroudDockTileView.h */,
				E1D8F35512336ECF0019122A /* ShroudDockTileView.m */,
				E14B72A812344CA300BA58AB /* NJRDictionaryToHotKeyTransformer.h */,
				E14B72A912344CA300BA58AB /* NJRDictionaryToHotKeyTransformer.m */,
				E14B6FDD12341D5600BA58AB /* NJRHotKey.h */,
				E14B6FDE12341D5600BA58AB /* NJRHotKey.m */,
				E14B6F4A123416DA00BA58AB /* NJRHotKeyManager.h */,
				E14B6F45123416B300BA58AB /* NJRHotKeyManager.m */,
				E16E2AD71788A9C300E8A07F /* NSUserDefaultsController+NJRExtensions.h */,
				E16E2AD81788A9C300E8A07F /* NSUserDefaultsController+NJRExtensions.m */,
			);
			name = Classes;
			sourceTree = "<group>";
		};
		1058C7A0FEA54F0111CA2CBB /* Linked Frameworks */ = {
			isa = PBXGroup;
			children = (
				1058C7A1FEA54F0111CA2CBB /* Cocoa.framework */,
				E1BD4114112F7B6300DE639A /* Carbon.framework */,
			);
			name = "Linked Frameworks";
			sourceTree = "<group>";
		};
		1058C7A2FEA54F0111CA2CBB /* Other Frameworks */ = {
			isa = PBXGroup;
			children = (
				29B97324FDCFA39411CA2CEA /* AppKit.framework */,
				29B97325FDCFA39411CA2CEA /* Foundation.framework */,
			);
			name = "Other Frameworks";
			sourceTree = "<group>";
		};
		19C28FACFE9D520D11CA2CBB /* Products */ = {
			isa = PBXGroup;
			children = (
				8D1107320486CEB800E47090 /* Shroud.app */,
				E1A3D1D11786839200957D63 /* ShroudDockTilePlugIn.docktileplugin */,
			);
			name = Products;
			sourceTree = "<group>";
		};
		29B97314FDCFA39411CA2CEA /* Shroud */ = {
			isa = PBXGroup;
			children = (
				080E96DDFE201D6D7F000001 /* Classes */,
				E1A3D1D51786839200957D63 /* ShroudDockTilePlugIn */,
				29B97315FDCFA39411CA2CEA /* Other Sources */,
				29B97317FDCFA39411CA2CEA /* Resources */,
				29B97323FDCFA39411CA2CEA /* Frameworks */,
				19C28FACFE9D520D11CA2CBB /* Products */,
			);
			name = Shroud;
			sourceTree = "<group>";
		};
		29B97315FDCFA39411CA2CEA /* Other Sources */ = {
			isa = PBXGroup;
			children = (
				256AC3F00F4B6AF500CF3369 /* Shroud_Prefix.pch */,
				29B97316FDCFA39411CA2CEA /* main.m */,
			);
			name = "Other Sources";
			sourceTree = "<group>";
		};
		29B97317FDCFA39411CA2CEA /* Resources */ = {
			isa = PBXGroup;
			children = (
				E1D9435B123F793A005DA161 /* dsa_pub.pem */,
				E1BD40D3112E76C200DE639A /* Shroud.icns */,
				8D1107310486CEB800E47090 /* Shroud-Info.plist */,
				E19F3CD4123593F500DFD7BA /* Credits.html */,
				089C165CFE840E0CC02AAC07 /* InfoPlist.strings */,
				1DDD58140DA1D0A300B32029 /* MainMenu.xib */,
				21AE5B02114C06C10096A903 /* Preferences.xib */,
			);
			name = Resources;
			sourceTree = "<group>";
		};
		29B97323FDCFA39411CA2CEA /* Frameworks */ = {
			isa = PBXGroup;
			children = (
				E186F45712C3C3D10051E025 /* SFBCrashReporter.xcodeproj */,
				E11DFE3B11F247DA001DCDED /* ShortcutRecorder.xcodeproj */,
				E1D9432A123F75DF005DA161 /* Sparkle.xcodeproj */,
				1058C7A0FEA54F0111CA2CBB /* Linked Frameworks */,
				1058C7A2FEA54F0111CA2CBB /* Other Frameworks */,
			);
			name = Frameworks;
			sourceTree = "<group>";
		};
		E11DFE3E11F247DB001DCDED /* Products */ = {
			isa = PBXGroup;
			children = (
				E11DFE4711F247DB001DCDED /* ShortcutRecorder.framework */,
				E11DFE4911F247DB001DCDED /* ShortcutRecorder.ibplugin */,
				E11DFE4B11F247DB001DCDED /* ShortcutRecorder.app */,
				E11DFE4D11F247DB001DCDED /* ShortcutRecorder.ibplugin */,
				E11DFE4F11F247DB001DCDED /* ShortcutRecorder.framework */,
			);
			name = Products;
			sourceTree = "<group>";
		};
		E186F45812C3C3D10051E025 /* Products */ = {
			isa = PBXGroup;
			children = (
				E186F45C12C3C3D10051E025 /* SFBCrashReporter.framework */,
			);
			name = Products;
			sourceTree = "<group>";
		};
		E1A3D1D51786839200957D63 /* ShroudDockTilePlugIn */ = {
			isa = PBXGroup;
			children = (
				E1A3D1E31786846F00957D63 /* ShroudDockTilePlugIn.h */,
				E1A3D1E41786846F00957D63 /* ShroudDockTilePlugIn.m */,
				E1A3D1D61786839200957D63 /* Supporting Files */,
			);
			path = ShroudDockTilePlugIn;
			sourceTree = "<group>";
		};
		E1A3D1D61786839200957D63 /* Supporting Files */ = {
			isa = PBXGroup;
			children = (
				E1A3D1D71786839200957D63 /* ShroudDockTilePlugIn-Info.plist */,
				E1A3D1DB1786839200957D63 /* ShroudDockTilePlugIn-Prefix.pch */,
			);
			name = "Supporting Files";
			sourceTree = "<group>";
		};
		E1D9432B123F75DF005DA161 /* Products */ = {
			isa = PBXGroup;
			children = (
				E1D94336123F75DF005DA161 /* Sparkle.framework */,
				E1E4ED8F2E5BBB1F007C516A /* Autoupdate */,
				E1E4ED912E5BBB1F007C516A /* Installer.xpc */,
				E1E4ED932E5BBB1F007C516A /* InstallerConnection.xpc */,
				E1E4ED952E5BBB1F007C516A /* InstallerStatus.xpc */,
				E1E4ED972E5BBB1F007C516A /* Downloader.xpc */,
				E1D94338123F75DF005DA161 /* Sparkle Test App.app */,
				E1E4ED992E5BBB1F007C516A /* TestAppHelper.xpc */,
				E1D9433C123F75DF005DA161 /* Sparkle Unit Tests.xctest */,
				E1D9433E123F75DF005DA161 /* BinaryDelta */,
				E1E4ED9B2E5BBB1F007C516A /* sparkle.app */,
				E1E4ED9D2E5BBB1F007C516A /* Updater.app */,
				E14CCC1E2159B1F20063EF2C /* UI Tests.xctest */,
				E14CCC242159B4010063EF2C /* generate_appcast */,
				E1E4ED9F2E5BBB1F007C516A /* generate_keys */,
				E1E4EDA12E5BBB1F007C516A /* sign_update */,
				E1E4EDA32E5BBB1F007C516A /* libbsdiff.a */,
				E1E4EDA52E5BBB1F007C516A /* libed25519.a */,
			);
			name = Products;
			sourceTree = "<group>";
		};
/* End PBXGroup section */

/* Begin PBXNativeTarget section */
		8D1107260486CEB800E47090 /* Shroud */ = {
			isa = PBXNativeTarget;
			buildConfigurationList = C01FCF4A08A954540054247B /* Build configuration list for PBXNativeTarget "Shroud" */;
			buildPhases = (
				E16DA70F12C5A62F00AF9DD0 /* Remove Non-English Framework Resource Localizations */,
				E11DFE6211F248AE001DCDED /* Copy Frameworks */,
				8D11072C0486CEB800E47090 /* Sources */,
				8D11072E0486CEB800E47090 /* Frameworks */,
				8D1107290486CEB800E47090 /* Resources */,
				E15375F41236010200714C5D /* Build Help Book */,
				E1F98EB6217B7574001AD011 /* Harden Sparkle */,
			);
			buildRules = (
			);
			dependencies = (
				E13A2E171562199F0053BD07 /* PBXTargetDependency */,
				E186F46212C3C4030051E025 /* PBXTargetDependency */,
				E1D94341123F75F5005DA161 /* PBXTargetDependency */,
			);
			name = Shroud;
			productInstallPath = "$(HOME)/Applications";
			productName = Shroud;
			productReference = 8D1107320486CEB800E47090 /* Shroud.app */;
			productType = "com.apple.product-type.application";
		};
		E1A3D1D01786839200957D63 /* ShroudDockTilePlugIn */ = {
			isa = PBXNativeTarget;
			buildConfigurationList = E1A3D1DC1786839200957D63 /* Build configuration list for PBXNativeTarget "ShroudDockTilePlugIn" */;
			buildPhases = (
				E1A3D1CD1786839200957D63 /* Sources */,
				E1A3D1CE1786839200957D63 /* Frameworks */,
			);
			buildRules = (
			);
			dependencies = (
			);
			name = ShroudDockTilePlugIn;
			productName = ShroudDockTilePlugIn;
			productReference = E1A3D1D11786839200957D63 /* ShroudDockTilePlugIn.docktileplugin */;
			productType = "com.apple.product-type.bundle";
		};
/* End PBXNativeTarget section */

/* Begin PBXProject section */
		29B97313FDCFA39411CA2CEA /* Project object */ = {
			isa = PBXProject;
			attributes = {
				LastUpgradeCheck = 1000;
				TargetAttributes = {
					8D1107260486CEB800E47090 = {
						DevelopmentTeam = CYEL96ZVC2;
						ProvisioningStyle = Automatic;
					};
				};
			};
			buildConfigurationList = C01FCF4E08A954540054247B /* Build configuration list for PBXProject "Shroud" */;
			compatibilityVersion = "Xcode 3.2";
			developmentRegion = English;
			hasScannedForEncodings = 1;
			knownRegions = (
				English,
				Japanese,
				French,
				German,
				Dutch,
				sv,
				en,
				Base,
			);
			mainGroup = 29B97314FDCFA39411CA2CEA /* Shroud */;
			projectDirPath = "";
			projectReferences = (
				{
					ProductGroup = E186F45812C3C3D10051E025 /* Products */;
					ProjectRef = E186F45712C3C3D10051E025 /* SFBCrashReporter.xcodeproj */;
				},
				{
					ProductGroup = E11DFE3E11F247DB001DCDED /* Products */;
					ProjectRef = E11DFE3B11F247DA001DCDED /* ShortcutRecorder.xcodeproj */;
				},
				{
					ProductGroup = E1D9432B123F75DF005DA161 /* Products */;
					ProjectRef = E1D9432A123F75DF005DA161 /* Sparkle.xcodeproj */;
				},
			);
			projectRoot = "";
			targets = (
				8D1107260486CEB800E47090 /* Shroud */,
				E1A3D1D01786839200957D63 /* ShroudDockTilePlugIn */,
			);
		};
/* End PBXProject section */

/* Begin PBXReferenceProxy section */
		E11DFE4711F247DB001DCDED /* ShortcutRecorder.framework */ = {
			isa = PBXReferenceProxy;
			fileType = wrapper.framework;
			path = ShortcutRecorder.framework;
			remoteRef = E11DFE4611F247DB001DCDED /* PBXContainerItemProxy */;
			sourceTree = BUILT_PRODUCTS_DIR;
		};
		E11DFE4911F247DB001DCDED /* ShortcutRecorder.ibplugin */ = {
			isa = PBXReferenceProxy;
			fileType = wrapper.cfbundle;
			path = ShortcutRecorder.ibplugin;
			remoteRef = E11DFE4811F247DB001DCDED /* PBXContainerItemProxy */;
			sourceTree = BUILT_PRODUCTS_DIR;
		};
		E11DFE4B11F247DB001DCDED /* ShortcutRecorder.app */ = {
			isa = PBXReferenceProxy;
			fileType = wrapper.application;
			path = ShortcutRecorder.app;
			remoteRef = E11DFE4A11F247DB001DCDED /* PBXContainerItemProxy */;
			sourceTree = BUILT_PRODUCTS_DIR;
		};
		E11DFE4D11F247DB001DCDED /* ShortcutRecorder.ibplugin */ = {
			isa = PBXReferenceProxy;
			fileType = wrapper.cfbundle;
			path = ShortcutRecorder.ibplugin;
			remoteRef = E11DFE4C11F247DB001DCDED /* PBXContainerItemProxy */;
			sourceTree = BUILT_PRODUCTS_DIR;
		};
		E11DFE4F11F247DB001DCDED /* ShortcutRecorder.framework */ = {
			isa = PBXReferenceProxy;
			fileType = wrapper.framework;
			path = ShortcutRecorder.framework;
			remoteRef = E11DFE4E11F247DB001DCDED /* PBXContainerItemProxy */;
			sourceTree = BUILT_PRODUCTS_DIR;
		};
		E14CCC1E2159B1F20063EF2C /* UI Tests.xctest */ = {
			isa = PBXReferenceProxy;
			fileType = wrapper.cfbundle;
			path = "UI Tests.xctest";
			remoteRef = E14CCC1D2159B1F20063EF2C /* PBXContainerItemProxy */;
			sourceTree = BUILT_PRODUCTS_DIR;
		};
		E14CCC242159B4010063EF2C /* generate_appcast */ = {
			isa = PBXReferenceProxy;
			fileType = "compiled.mach-o.executable";
			path = generate_appcast;
			remoteRef = E14CCC232159B4010063EF2C /* PBXContainerItemProxy */;
			sourceTree = BUILT_PRODUCTS_DIR;
		};
		E186F45C12C3C3D10051E025 /* SFBCrashReporter.framework */ = {
			isa = PBXReferenceProxy;
			fileType = wrapper.framework;
			path = SFBCrashReporter.framework;
			remoteRef = E186F45B12C3C3D10051E025 /* PBXContainerItemProxy */;
			sourceTree = BUILT_PRODUCTS_DIR;
		};
		E1D94336123F75DF005DA161 /* Sparkle.framework */ = {
			isa = PBXReferenceProxy;
			fileType = wrapper.framework;
			path = Sparkle.framework;
			remoteRef = E1D94335123F75DF005DA161 /* PBXContainerItemProxy */;
			sourceTree = BUILT_PRODUCTS_DIR;
		};
		E1D94338123F75DF005DA161 /* Sparkle Test App.app */ = {
			isa = PBXReferenceProxy;
			fileType = wrapper.application;
			path = "Sparkle Test App.app";
			remoteRef = E1D94337123F75DF005DA161 /* PBXContainerItemProxy */;
			sourceTree = BUILT_PRODUCTS_DIR;
		};
		E1D9433C123F75DF005DA161 /* Sparkle Unit Tests.xctest */ = {
			isa = PBXReferenceProxy;
			fileType = wrapper.cfbundle;
			path = "Sparkle Unit Tests.xctest";
			remoteRef = E1D9433B123F75DF005DA161 /* PBXContainerItemProxy */;
			sourceTree = BUILT_PRODUCTS_DIR;
		};
		E1D9433E123F75DF005DA161 /* BinaryDelta */ = {
			isa = PBXReferenceProxy;
			fileType = "compiled.mach-o.executable";
			path = BinaryDelta;
			remoteRef = E1D9433D123F75DF005DA161 /* PBXContainerItemProxy */;
			sourceTree = BUILT_PRODUCTS_DIR;
		};
		E1E4ED8F2E5BBB1F007C516A /* Autoupdate */ = {
			isa = PBXReferenceProxy;
			fileType = "compiled.mach-o.executable";
			path = Autoupdate;
			remoteRef = E1E4ED8E2E5BBB1F007C516A /* PBXContainerItemProxy */;
			sourceTree = BUILT_PRODUCTS_DIR;
		};
		E1E4ED912E5BBB1F007C516A /* Installer.xpc */ = {
			isa = PBXReferenceProxy;
			fileType = "wrapper.xpc-service";
			path = Installer.xpc;
			remoteRef = E1E4ED902E5BBB1F007C516A /* PBXContainerItemProxy */;
			sourceTree = BUILT_PRODUCTS_DIR;
		};
		E1E4ED932E5BBB1F007C516A /* InstallerConnection.xpc */ = {
			isa = PBXReferenceProxy;
			fileType = "wrapper.xpc-service";
			path = InstallerConnection.xpc;
			remoteRef = E1E4ED922E5BBB1F007C516A /* PBXContainerItemProxy */;
			sourceTree = BUILT_PRODUCTS_DIR;
		};
		E1E4ED952E5BBB1F007C516A /* InstallerStatus.xpc */ = {
			isa = PBXReferenceProxy;
			fileType = "wrapper.xpc-service";
			path = InstallerStatus.xpc;
			remoteRef = E1E4ED942E5BBB1F007C516A /* PBXContainerItemProxy */;
			sourceTree = BUILT_PRODUCTS_DIR;
		};
		E1E4ED972E5BBB1F007C516A /* Downloader.xpc */ = {
			isa = PBXReferenceProxy;
			fileType = "wrapper.xpc-service";
			path = Downloader.xpc;
			remoteRef = E1E4ED962E5BBB1F007C516A /* PBXContainerItemProxy */;
			sourceTree = BUILT_PRODUCTS_DIR;
		};
		E1E4ED992E5BBB1F007C516A /* TestAppHelper.xpc */ = {
			isa = PBXReferenceProxy;
			fileType = "wrapper.xpc-service";
			path = TestAppHelper.xpc;
			remoteRef = E1E4ED982E5BBB1F007C516A /* PBXContainerItemProxy */;
			sourceTree = BUILT_PRODUCTS_DIR;
		};
		E1E4ED9B2E5BBB1F007C516A /* sparkle.app */ = {
			isa = PBXReferenceProxy;
			fileType = wrapper.application;
			path = sparkle.app;
			remoteRef = E1E4ED9A2E5BBB1F007C516A /* PBXContainerItemProxy */;
			sourceTree = BUILT_PRODUCTS_DIR;
		};
		E1E4ED9D2E5BBB1F007C516A /* Updater.app */ = {
			isa = PBXReferenceProxy;
			fileType = wrapper.application;
			path = Updater.app;
			remoteRef = E1E4ED9C2E5BBB1F007C516A /* PBXContainerItemProxy */;
			sourceTree = BUILT_PRODUCTS_DIR;
		};
		E1E4ED9F2E5BBB1F007C516A /* generate_keys */ = {
			isa = PBXReferenceProxy;
			fileType = "compiled.mach-o.executable";
			path = generate_keys;
			remoteRef = E1E4ED9E2E5BBB1F007C516A /* PBXContainerItemProxy */;
			sourceTree = BUILT_PRODUCTS_DIR;
		};
		E1E4EDA12E5BBB1F007C516A /* sign_update */ = {
			isa = PBXReferenceProxy;
			fileType = "compiled.mach-o.executable";
			path = sign_update;
			remoteRef = E1E4EDA02E5BBB1F007C516A /* PBXContainerItemProxy */;
			sourceTree = BUILT_PRODUCTS_DIR;
		};
		E1E4EDA32E5BBB1F007C516A /* libbsdiff.a */ = {
			isa = PBXReferenceProxy;
			fileType = archive.ar;
			path = libbsdiff.a;
			remoteRef = E1E4EDA22E5BBB1F007C516A /* PBXContainerItemProxy */;
			sourceTree = BUILT_PRODUCTS_DIR;
		};
		E1E4EDA52E5BBB1F007C516A /* libed25519.a */ = {
			isa = PBXReferenceProxy;
			fileType = archive.ar;
			path = libed25519.a;
			remoteRef = E1E4EDA42E5BBB1F007C516A /* PBXContainerItemProxy */;
			sourceTree = BUILT_PRODUCTS_DIR;
		};
/* End PBXReferenceProxy section */

/* Begin PBXResourcesBuildPhase section */
		8D1107290486CEB800E47090 /* Resources */ = {
			isa = PBXResourcesBuildPhase;
			buildActionMask = 2147483647;
			files = (
				E19F3CD5123593F500DFD7BA /* Credits.html in Resources */,
				E1BD40D4112E76C200DE639A /* Shroud.icns in Resources */,
				8D11072B0486CEB800E47090 /* InfoPlist.strings in Resources */,
				1DDD58160DA1D0A300B32029 /* MainMenu.xib in Resources */,
				21AE5B04114C06C10096A903 /* Preferences.xib in Resources */,
				E1D9435C123F793A005DA161 /* dsa_pub.pem in Resources */,
			);
			runOnlyForDeploymentPostprocessing = 0;
		};
/* End PBXResourcesBuildPhase section */

/* Begin PBXShellScriptBuildPhase section */
		E15375F41236010200714C5D /* Build Help Book */ = {
			isa = PBXShellScriptBuildPhase;
			buildActionMask = 2147483647;
			files = (
			);
			inputPaths = (
			);
			name = "Build Help Book";
			outputPaths = (
			);
			runOnlyForDeploymentPostprocessing = 0;
			shellPath = /bin/sh;
			shellScript = "set -e\n\nhelp_src=\"${SRCROOT}/Documentation\"\nhelp_dest=\"${TARGET_BUILD_DIR}/${UNLOCALIZED_RESOURCES_FOLDER_PATH}/English.lproj\"\nhelp_dir=\"Shroud Help\"\n\n/usr/bin/xcrun python3 \"${help_src}/OOhelpify.py\" \"${help_src}/${help_dir}.oo3\"\n\nrm -rf \"${help_dest}/${help_dir}\"\nmv \"${help_src}/${help_dir}\" \"${help_dest}\"\ninstall -m 644 \"${help_src}/mail.scpt\" \"${help_dest}/${help_dir}\"\n";
			showEnvVarsInLog = 0;
		};
		E16DA70F12C5A62F00AF9DD0 /* Remove Non-English Framework Resource Localizations */ = {
			isa = PBXShellScriptBuildPhase;
			buildActionMask = 12;
			files = (
			);
			inputPaths = (
			);
			name = "Remove Non-English Framework Resource Localizations";
			outputPaths = (
			);
			runOnlyForDeploymentPostprocessing = 0;
			shellPath = /bin/sh;
			shellScript = "/usr/bin/find -L \"${BUILT_PRODUCTS_DIR}/\"*.framework -name \\*.lproj -and -not \\( -name en\\*.lproj -or -name English.lproj \\) -print0 | xargs -0 rm -rf || /usr/bin/true\n";
			showEnvVarsInLog = 0;
		};
		E1F98EB6217B7574001AD011 /* Harden Sparkle */ = {
			isa = PBXShellScriptBuildPhase;
			buildActionMask = 2147483647;
			files = (
			);
			inputFileListPaths = (
			);
			inputPaths = (
			);
			name = "Harden Sparkle";
			outputFileListPaths = (
			);
			outputPaths = (
			);
			runOnlyForDeploymentPostprocessing = 0;
			shellPath = /bin/sh;
			shellScript = "# Re-codesign Sparkle with hardened runtime, so it's possible to notarize the app.\n# More information: https://github.com/sparkle-project/Sparkle/issues/1266\n\nLOCATION=\"${BUILT_PRODUCTS_DIR}\"/\"${FRAMEWORKS_FOLDER_PATH}\"\nIDENTITY=\"${EXPANDED_CODE_SIGN_IDENTITY_NAME}\"\n\n/usr/bin/codesign --verbose --force --deep -o runtime --sign \"$IDENTITY\" \"$LOCATION/Sparkle.framework/Resources/Autoupdate.app\"\n";
		};
/* End PBXShellScriptBuildPhase section */

/* Begin PBXSourcesBuildPhase section */
		8D11072C0486CEB800E47090 /* Sources */ = {
			isa = PBXSourcesBuildPhase;
			buildActionMask = 2147483647;
			files = (
				8D11072D0486CEB800E47090 /* main.m in Sources */,
				E1E4EDA82E5BBED0007C516A /* ShroudScreenPanel.m in Sources */,
				256AC3DA0F4B6AC300CF3369 /* ShroudAppDelegate.m in Sources */,
				E1BD4006112E6D4800DE639A /* ShroudNonactivatingView.m in Sources */,
				E1BD40EE112F753000DE639A /* ShroudMenuBarView.m in Sources */,
				216B3690114C59EF002E2818 /* ShroudPreferencesController.m in Sources */,
				E1D8F35612336ECF0019122A /* ShroudDockTileView.m in Sources */,
				E14B6F46123416B300BA58AB /* NJRHotKeyManager.m in Sources */,
				E14B6FDF12341D5600BA58AB /* NJRHotKey.m in Sources */,
				E14B72AA12344CA300BA58AB /* NJRDictionaryToHotKeyTransformer.m in Sources */,
				E160711E12CE9FC300A6BBDE /* ShroudMenuBarVisibilityController.m in Sources */,
				E16E0870138F2C7200D0720B /* ShroudMenuBarPanel.m in Sources */,
				E1A3D1F51787865300957D63 /* ShroudBackdropColor.m in Sources */,
				E16E2AD91788A9C300E8A07F /* NSUserDefaultsController+NJRExtensions.m in Sources */,
			);
			runOnlyForDeploymentPostprocessing = 0;
		};
		E1A3D1CD1786839200957D63 /* Sources */ = {
			isa = PBXSourcesBuildPhase;
			buildActionMask = 2147483647;
			files = (
				E1A3D1E51786846F00957D63 /* ShroudDockTilePlugIn.m in Sources */,
				E1A3D1F21787730300957D63 /* ShroudDockTileView.m in Sources */,
				E1A3D1F61787865900957D63 /* ShroudBackdropColor.m in Sources */,
				E16E2ADA1788B16000E8A07F /* NSUserDefaultsController+NJRExtensions.m in Sources */,
			);
			runOnlyForDeploymentPostprocessing = 0;
		};
/* End PBXSourcesBuildPhase section */

/* Begin PBXTargetDependency section */
		E13A2E171562199F0053BD07 /* PBXTargetDependency */ = {
			isa = PBXTargetDependency;
			name = "ShortcutRecorder.framework - for embedding in ibplugin";
			targetProxy = E13A2E161562199F0053BD07 /* PBXContainerItemProxy */;
		};
		E186F46212C3C4030051E025 /* PBXTargetDependency */ = {
			isa = PBXTargetDependency;
			name = SFBCrashReporter;
			targetProxy = E186F46112C3C4030051E025 /* PBXContainerItemProxy */;
		};
		E1D94341123F75F5005DA161 /* PBXTargetDependency */ = {
			isa = PBXTargetDependency;
			name = Sparkle;
			targetProxy = E1D94340123F75F5005DA161 /* PBXContainerItemProxy */;
		};
/* End PBXTargetDependency section */

/* Begin PBXVariantGroup section */
		089C165CFE840E0CC02AAC07 /* InfoPlist.strings */ = {
			isa = PBXVariantGroup;
			children = (
				089C165DFE840E0CC02AAC07 /* English */,
			);
			name = InfoPlist.strings;
			sourceTree = "<group>";
		};
		1DDD58140DA1D0A300B32029 /* MainMenu.xib */ = {
			isa = PBXVariantGroup;
			children = (
				E14B66D82179415300E3EF83 /* Base */,
			);
			name = MainMenu.xib;
			sourceTree = "<group>";
		};
		21AE5B02114C06C10096A903 /* Preferences.xib */ = {
			isa = PBXVariantGroup;
			children = (
				E14B66D92179415300E3EF83 /* Base */,
			);
			name = Preferences.xib;
			sourceTree = "<group>";
		};
		E19F3CD4123593F500DFD7BA /* Credits.html */ = {
			isa = PBXVariantGroup;
			children = (
				E19F3CD1123593E700DFD7BA /* English */,
			);
			name = Credits.html;
			sourceTree = "<group>";
		};
/* End PBXVariantGroup section */

/* Begin XCBuildConfiguration section */
		C01FCF4B08A954540054247B /* Debug */ = {
			isa = XCBuildConfiguration;
			buildSettings = {
				ALWAYS_SEARCH_USER_PATHS = NO;
				CLANG_ENABLE_OBJC_WEAK = YES;
				CODE_SIGN_IDENTITY = "Mac Developer";
				CODE_SIGN_STYLE = Automatic;
				COPY_PHASE_STRIP = NO;
				DEVELOPMENT_TEAM = "";
				FRAMEWORK_SEARCH_PATHS = (
					"$(inherited)",
					"$(BUILT_PRODUCTS_DIR)/$(FRAMEWORKS_FOLDER_PATH)",
					"\"$(SRCROOT)\"",
				);
				GCC_DYNAMIC_NO_PIC = NO;
				GCC_OPTIMIZATION_LEVEL = 0;
				GCC_PRECOMPILE_PREFIX_HEADER = YES;
				GCC_PREFIX_HEADER = Shroud_Prefix.pch;
				INFOPLIST_FILE = "Shroud-Info.plist";
				INSTALL_PATH = /;
				PRODUCT_BUNDLE_IDENTIFIER = "net.sabi.${PRODUCT_NAME:rfc1034identifier}";
				PRODUCT_NAME = Shroud;
				PROVISIONING_PROFILE_SPECIFIER = "";
			};
			name = Debug;
		};
		C01FCF4C08A954540054247B /* Release */ = {
			isa = XCBuildConfiguration;
			buildSettings = {
				ALWAYS_SEARCH_USER_PATHS = NO;
				CLANG_ENABLE_OBJC_WEAK = YES;
				CODE_SIGN_IDENTITY = "Mac Developer";
				CODE_SIGN_STYLE = Automatic;
				DEVELOPMENT_TEAM = "";
				FRAMEWORK_SEARCH_PATHS = (
					"$(inherited)",
					"$(BUILT_PRODUCTS_DIR)/$(FRAMEWORKS_FOLDER_PATH)",
					"\"$(SRCROOT)\"",
				);
				GCC_PRECOMPILE_PREFIX_HEADER = YES;
				GCC_PREFIX_HEADER = Shroud_Prefix.pch;
				INFOPLIST_FILE = "Shroud-Info.plist";
				INSTALL_PATH = /;
				PRODUCT_BUNDLE_IDENTIFIER = "net.sabi.${PRODUCT_NAME:rfc1034identifier}";
				PRODUCT_NAME = Shroud;
				PROVISIONING_PROFILE_SPECIFIER = "";
			};
			name = Release;
		};
		C01FCF4F08A954540054247B /* Debug */ = {
			isa = XCBuildConfiguration;
			buildSettings = {
				CLANG_ANALYZER_LOCALIZABILITY_NONLOCALIZED = YES;
				CLANG_WARN_BLOCK_CAPTURE_AUTORELEASING = YES;
				CLANG_WARN_BOOL_CONVERSION = YES;
				CLANG_WARN_COMMA = YES;
				CLANG_WARN_CONSTANT_CONVERSION = YES;
				CLANG_WARN_DEPRECATED_OBJC_IMPLEMENTATIONS = YES;
				CLANG_WARN_EMPTY_BODY = YES;
				CLANG_WARN_ENUM_CONVERSION = YES;
				CLANG_WARN_INFINITE_RECURSION = YES;
				CLANG_WARN_INT_CONVERSION = YES;
				CLANG_WARN_NON_LITERAL_NULL_CONVERSION = YES;
				CLANG_WARN_OBJC_IMPLICIT_RETAIN_SELF = YES;
				CLANG_WARN_OBJC_LITERAL_CONVERSION = YES;
				CLANG_WARN_RANGE_LOOP_ANALYSIS = YES;
				CLANG_WARN_STRICT_PROTOTYPES = YES;
				CLANG_WARN_SUSPICIOUS_MOVE = YES;
				CLANG_WARN_UNREACHABLE_CODE = YES;
				CLANG_WARN__DUPLICATE_METHOD_MATCH = YES;
				CODE_SIGN_IDENTITY = "Mac Developer";
				CURRENT_PROJECT_VERSION = 18;
				ENABLE_HARDENED_RUNTIME = YES;
				ENABLE_STRICT_OBJC_MSGSEND = YES;
				ENABLE_TESTABILITY = YES;
				GCC_NO_COMMON_BLOCKS = YES;
				GCC_OPTIMIZATION_LEVEL = 0;
				GCC_PRECOMPILE_PREFIX_HEADER = YES;
				GCC_WARN_64_TO_32_BIT_CONVERSION = YES;
				GCC_WARN_ABOUT_RETURN_TYPE = YES;
				GCC_WARN_UNDECLARED_SELECTOR = YES;
				GCC_WARN_UNINITIALIZED_AUTOS = YES;
				GCC_WARN_UNUSED_FUNCTION = YES;
				GCC_WARN_UNUSED_VARIABLE = YES;
				LD_RUNPATH_SEARCH_PATHS = "@loader_path/../Frameworks";
				MACOSX_DEPLOYMENT_TARGET = 10.9;
				ONLY_ACTIVE_ARCH = YES;
				VERSIONING_SYSTEM = "apple-generic";
			};
			name = Debug;
		};
		C01FCF5008A954540054247B /* Release */ = {
			isa = XCBuildConfiguration;
			buildSettings = {
				CLANG_ANALYZER_LOCALIZABILITY_NONLOCALIZED = YES;
				CLANG_WARN_BLOCK_CAPTURE_AUTORELEASING = YES;
				CLANG_WARN_BOOL_CONVERSION = YES;
				CLANG_WARN_COMMA = YES;
				CLANG_WARN_CONSTANT_CONVERSION = YES;
				CLANG_WARN_DEPRECATED_OBJC_IMPLEMENTATIONS = YES;
				CLANG_WARN_EMPTY_BODY = YES;
				CLANG_WARN_ENUM_CONVERSION = YES;
				CLANG_WARN_INFINITE_RECURSION = YES;
				CLANG_WARN_INT_CONVERSION = YES;
				CLANG_WARN_NON_LITERAL_NULL_CONVERSION = YES;
				CLANG_WARN_OBJC_IMPLICIT_RETAIN_SELF = YES;
				CLANG_WARN_OBJC_LITERAL_CONVERSION = YES;
				CLANG_WARN_RANGE_LOOP_ANALYSIS = YES;
				CLANG_WARN_STRICT_PROTOTYPES = YES;
				CLANG_WARN_SUSPICIOUS_MOVE = YES;
				CLANG_WARN_UNREACHABLE_CODE = YES;
				CLANG_WARN__DUPLICATE_METHOD_MATCH = YES;
				CODE_SIGN_IDENTITY = "Mac Developer";
				CURRENT_PROJECT_VERSION = 18;
				ENABLE_HARDENED_RUNTIME = YES;
				ENABLE_STRICT_OBJC_MSGSEND = YES;
				GCC_NO_COMMON_BLOCKS = YES;
				GCC_PRECOMPILE_PREFIX_HEADER = YES;
				GCC_WARN_64_TO_32_BIT_CONVERSION = YES;
				GCC_WARN_ABOUT_RETURN_TYPE = YES;
				GCC_WARN_UNDECLARED_SELECTOR = YES;
				GCC_WARN_UNINITIALIZED_AUTOS = YES;
				GCC_WARN_UNUSED_FUNCTION = YES;
				GCC_WARN_UNUSED_VARIABLE = YES;
				LD_RUNPATH_SEARCH_PATHS = "@loader_path/../Frameworks";
				MACOSX_DEPLOYMENT_TARGET = 10.9;
				VERSIONING_SYSTEM = "apple-generic";
			};
			name = Release;
		};
		E1A3D1DD1786839200957D63 /* Debug */ = {
			isa = XCBuildConfiguration;
			buildSettings = {
				CLANG_ENABLE_OBJC_WEAK = YES;
				GCC_PREFIX_HEADER = "ShroudDockTilePlugIn/ShroudDockTilePlugIn-Prefix.pch";
				INFOPLIST_FILE = "ShroudDockTilePlugIn/ShroudDockTilePlugIn-Info.plist";
				PRODUCT_BUNDLE_IDENTIFIER = "net.sabi.${PRODUCT_NAME:rfc1034identifier}";
				PRODUCT_NAME = "$(TARGET_NAME)";
				WRAPPER_EXTENSION = docktileplugin;
			};
			name = Debug;
		};
		E1A3D1DE1786839200957D63 /* Release */ = {
			isa = XCBuildConfiguration;
			buildSettings = {
				CLANG_ENABLE_OBJC_WEAK = YES;
				GCC_PREFIX_HEADER = "ShroudDockTilePlugIn/ShroudDockTilePlugIn-Prefix.pch";
				INFOPLIST_FILE = "ShroudDockTilePlugIn/ShroudDockTilePlugIn-Info.plist";
				PRODUCT_BUNDLE_IDENTIFIER = "net.sabi.${PRODUCT_NAME:rfc1034identifier}";
				PRODUCT_NAME = "$(TARGET_NAME)";
				WRAPPER_EXTENSION = docktileplugin;
			};
			name = Release;
		};
/* End XCBuildConfiguration section */

/* Begin XCConfigurationList section */
		C01FCF4A08A954540054247B /* Build configuration list for PBXNativeTarget "Shroud" */ = {
			isa = XCConfigurationList;
			buildConfigurations = (
				C01FCF4B08A954540054247B /* Debug */,
				C01FCF4C08A954540054247B /* Release */,
			);
			defaultConfigurationIsVisible = 0;
			defaultConfigurationName = Release;
		};
		C01FCF4E08A954540054247B /* Build configuration list for PBXProject "Shroud" */ = {
			isa = XCConfigurationList;
			buildConfigurations = (
				C01FCF4F08A954540054247B /* Debug */,
				C01FCF5008A954540054247B /* Release */,
			);
			defaultConfigurationIsVisible = 0;
			defaultConfigurationName = Release;
		};
		E1A3D1DC1786839200957D63 /* Build configuration list for PBXNativeTarget "ShroudDockTilePlugIn" */ = {
			isa = XCConfigurationList;
			buildConfigurations = (
				E1A3D1DD1786839200957D63 /* Debug */,
				E1A3D1DE1786839200957D63 /* Release */,
			);
			defaultConfigurationIsVisible = 0;
			defaultConfigurationName = Release;
		};
/* End XCConfigurationList section */
	};
	rootObject = 29B97313FDCFA39411CA2CEA /* Project object */;
}
