// !$*UTF8*$!
{
	archiveVersion = 1;
	classes = {
	};
	objectVersion = 45;
	objects = {

/* Begin PBXBuildFile section */
		1DDD58160DA1D0A300B32029 /* MainMenu.xib in Resources */ = {isa = PBXBuildFile; fileRef = 1DDD58140DA1D0A300B32029 /* MainMenu.xib */; };
		216B3690114C59EF002E2818 /* ShroudPreferencesController.m in Sources */ = {isa = PBXBuildFile; fileRef = 216B368F114C59EF002E2818 /* ShroudPreferencesController.m */; };
		21AE5B04114C06C10096A903 /* Preferences.xib in Resources */ = {isa = PBXBuildFile; fileRef = 21AE5B02114C06C10096A903 /* Preferences.xib */; };
		256AC3DA0F4B6AC300CF3369 /* ShroudAppDelegate.m in Sources */ = {isa = PBXBuildFile; fileRef = 256AC3D90F4B6AC300CF3369 /* ShroudAppDelegate.m */; };
		8D11072B0486CEB800E47090 /* InfoPlist.strings in Resources */ = {isa = PBXBuildFile; fileRef = 089C165CFE840E0CC02AAC07 /* InfoPlist.strings */; };
		8D11072D0486CEB800E47090 /* main.m in Sources */ = {isa = PBXBuildFile; fileRef = 29B97316FDCFA39411CA2CEA /* main.m */; settings = {ATTRIBUTES = (); }; };
		8D11072F0486CEB800E47090 /* Cocoa.framework in Frameworks */ = {isa = PBXBuildFile; fileRef = 1058C7A1FEA54F0111CA2CBB /* Cocoa.framework */; };
		E11DFE5611F2481C001DCDED /* ShortcutRecorder.framework in Copy Frameworks */ = {isa = PBXBuildFile; fileRef = E11DFE4711F247DB001DCDED /* ShortcutRecorder.framework */; };
		E11DFE5F11F2488B001DCDED /* ShortcutRecorder.framework in Frameworks */ = {isa = PBXBuildFile; fileRef = E11DFE4711F247DB001DCDED /* ShortcutRecorder.framework */; };
		E14B6F46123416B300BA58AB /* NJRHotKeyManager.m in Sources */ = {isa = PBXBuildFile; fileRef = E14B6F45123416B300BA58AB /* NJRHotKeyManager.m */; };
		E14B6FDF12341D5600BA58AB /* NJRHotKey.m in Sources */ = {isa = PBXBuildFile; fileRef = E14B6FDE12341D5600BA58AB /* NJRHotKey.m */; };
		E14B72AA12344CA300BA58AB /* NJRDictionaryToHotKeyTransformer.m in Sources */ = {isa = PBXBuildFile; fileRef = E14B72A912344CA300BA58AB /* NJRDictionaryToHotKeyTransformer.m */; };
		E186F46012C3C3F20051E025 /* SFBCrashReporter.framework in Copy Frameworks */ = {isa = PBXBuildFile; fileRef = E186F45C12C3C3D10051E025 /* SFBCrashReporter.framework */; };
		E186F48112C3C7260051E025 /* SFBCrashReporter.framework in Frameworks */ = {isa = PBXBuildFile; fileRef = E186F45C12C3C3D10051E025 /* SFBCrashReporter.framework */; };
		E19F3CD5123593F500DFD7BA /* Credits.html in Resources */ = {isa = PBXBuildFile; fileRef = E19F3CD4123593F500DFD7BA /* Credits.html */; };
		E1BD4006112E6D4800DE639A /* ShroudNonactivatingView.m in Sources */ = {isa = PBXBuildFile; fileRef = E1BD4005112E6D4800DE639A /* ShroudNonactivatingView.m */; };
		E1BD40D4112E76C200DE639A /* Shroud.icns in Resources */ = {isa = PBXBuildFile; fileRef = E1BD40D3112E76C200DE639A /* Shroud.icns */; };
		E1BD40EE112F753000DE639A /* ShroudMenuBarView.m in Sources */ = {isa = PBXBuildFile; fileRef = E1BD40ED112F753000DE639A /* ShroudMenuBarView.m */; };
		E1BD4115112F7B6300DE639A /* Carbon.framework in Frameworks */ = {isa = PBXBuildFile; fileRef = E1BD4114112F7B6300DE639A /* Carbon.framework */; };
		E1D8F35612336ECF0019122A /* ShroudDockTileView.m in Sources */ = {isa = PBXBuildFile; fileRef = E1D8F35512336ECF0019122A /* ShroudDockTileView.m */; };
		E1D94343123F760C005DA161 /* Sparkle.framework in Copy Frameworks */ = {isa = PBXBuildFile; fileRef = E1D94336123F75DF005DA161 /* Sparkle.framework */; };
		E1D9435C123F793A005DA161 /* dsa_pub.pem in Resources */ = {isa = PBXBuildFile; fileRef = E1D9435B123F793A005DA161 /* dsa_pub.pem */; };
		E1E578A0125BB5A2001985D3 /* Sparkle.framework in Frameworks */ = {isa = PBXBuildFile; fileRef = E1D94336123F75DF005DA161 /* Sparkle.framework */; };
/* End PBXBuildFile section */

/* Begin PBXContainerItemProxy section */
		E11DFE4611F247DB001DCDED /* PBXContainerItemProxy */ = {
			isa = PBXContainerItemProxy;
			containerPortal = E11DFE3B11F247DA001DCDED /* ShortcutRecorder.xcodeproj */;
			proxyType = 2;
			remoteGlobalIDString = 939837800DA42965007F53F3;
			remoteInfo = "ShortcutRecorder.framework - with embedded ibplugin";
		};
		E11DFE4811F247DB001DCDED /* PBXContainerItemProxy */ = {
			isa = PBXContainerItemProxy;
			containerPortal = E11DFE3B11F247DA001DCDED /* ShortcutRecorder.xcodeproj */;
			proxyType = 2;
			remoteGlobalIDString = 939838A50DA4300F007F53F3;
			remoteInfo = "ShortcutRecorder.ibplugin - for embedding in framework";
		};
		E11DFE4A11F247DB001DCDED /* PBXContainerItemProxy */ = {
			isa = PBXContainerItemProxy;
			containerPortal = E11DFE3B11F247DA001DCDED /* ShortcutRecorder.xcodeproj */;
			proxyType = 2;
			remoteGlobalIDString = 93983B220DA43C4E007F53F3;
			remoteInfo = ShortcutRecorderFramework_Tester;
		};
		E11DFE4C11F247DB001DCDED /* PBXContainerItemProxy */ = {
			isa = PBXContainerItemProxy;
			containerPortal = E11DFE3B11F247DA001DCDED /* ShortcutRecorder.xcodeproj */;
			proxyType = 2;
			remoteGlobalIDString = 342E00CF109CCBF5009AD8CA;
			remoteInfo = "ShortcutRecorder.ibplugin - standalone";
		};
		E11DFE4E11F247DB001DCDED /* PBXContainerItemProxy */ = {
			isa = PBXContainerItemProxy;
			containerPortal = E11DFE3B11F247DA001DCDED /* ShortcutRecorder.xcodeproj */;
			proxyType = 2;
			remoteGlobalIDString = 342E0104109CCC36009AD8CA;
			remoteInfo = "ShortcutRecorder.framework - for embedding in ibplugin";
		};
		E11F558812359F8600A0A964 /* PBXContainerItemProxy */ = {
			isa = PBXContainerItemProxy;
			containerPortal = E11DFE3B11F247DA001DCDED /* ShortcutRecorder.xcodeproj */;
			proxyType = 1;
			remoteGlobalIDString = 9398377F0DA42965007F53F3;
			remoteInfo = "ShortcutRecorder.framework - with embedded ibplugin";
		};
		E11F558A12359F8D00A0A964 /* PBXContainerItemProxy */ = {
			isa = PBXContainerItemProxy;
			containerPortal = E11DFE3B11F247DA001DCDED /* ShortcutRecorder.xcodeproj */;
			proxyType = 1;
			remoteGlobalIDString = 342E00BA109CCBF5009AD8CA;
			remoteInfo = "ShortcutRecorder.ibplugin - standalone";
		};
		E186F45B12C3C3D10051E025 /* PBXContainerItemProxy */ = {
			isa = PBXContainerItemProxy;
			containerPortal = E186F45712C3C3D10051E025 /* SFBCrashReporter.xcodeproj */;
			proxyType = 2;
			remoteGlobalIDString = 8DC2EF5B0486A6940098B216;
			remoteInfo = SFBCrashReporter;
		};
		E186F46112C3C4030051E025 /* PBXContainerItemProxy */ = {
			isa = PBXContainerItemProxy;
			containerPortal = E186F45712C3C3D10051E025 /* SFBCrashReporter.xcodeproj */;
			proxyType = 1;
			remoteGlobalIDString = 8DC2EF4F0486A6940098B216;
			remoteInfo = SFBCrashReporter;
		};
		E1D94335123F75DF005DA161 /* PBXContainerItemProxy */ = {
			isa = PBXContainerItemProxy;
			containerPortal = E1D9432A123F75DF005DA161 /* Sparkle.xcodeproj */;
			proxyType = 2;
			remoteGlobalIDString = 8DC2EF5B0486A6940098B216;
			remoteInfo = Sparkle;
		};
		E1D94337123F75DF005DA161 /* PBXContainerItemProxy */ = {
			isa = PBXContainerItemProxy;
			containerPortal = E1D9432A123F75DF005DA161 /* Sparkle.xcodeproj */;
			proxyType = 2;
			remoteGlobalIDString = 61B5F90209C4CEE200B25A18;
			remoteInfo = "Sparkle Test App";
		};
		E1D94339123F75DF005DA161 /* PBXContainerItemProxy */ = {
			isa = PBXContainerItemProxy;
			containerPortal = E1D9432A123F75DF005DA161 /* Sparkle.xcodeproj */;
			proxyType = 2;
			remoteGlobalIDString = DAAEFC960DA571DF0051E0D0;
			remoteInfo = "relaunch tool";
		};
		E1D9433B123F75DF005DA161 /* PBXContainerItemProxy */ = {
			isa = PBXContainerItemProxy;
			containerPortal = E1D9432A123F75DF005DA161 /* Sparkle.xcodeproj */;
			proxyType = 2;
			remoteGlobalIDString = 612279D90DB5470200AB99EA;
			remoteInfo = "Sparkle Unit Tests";
		};
		E1D9433D123F75DF005DA161 /* PBXContainerItemProxy */ = {
			isa = PBXContainerItemProxy;
			containerPortal = E1D9432A123F75DF005DA161 /* Sparkle.xcodeproj */;
			proxyType = 2;
			remoteGlobalIDString = 5D06E8D00FD68C7C005AE3F6;
			remoteInfo = BinaryDelta;
		};
		E1D94340123F75F5005DA161 /* PBXContainerItemProxy */ = {
			isa = PBXContainerItemProxy;
			containerPortal = E1D9432A123F75DF005DA161 /* Sparkle.xcodeproj */;
			proxyType = 1;
			remoteGlobalIDString = 8DC2EF4F0486A6940098B216;
			remoteInfo = Sparkle;
		};
/* End PBXContainerItemProxy section */

/* Begin PBXCopyFilesBuildPhase section */
		E11DFE6211F248AE001DCDED /* Copy Frameworks */ = {
			isa = PBXCopyFilesBuildPhase;
			buildActionMask = 2147483647;
			dstPath = "";
			dstSubfolderSpec = 10;
			files = (
				E186F46012C3C3F20051E025 /* SFBCrashReporter.framework in Copy Frameworks */,
				E11DFE5611F2481C001DCDED /* ShortcutRecorder.framework in Copy Frameworks */,
				E1D94343123F760C005DA161 /* Sparkle.framework in Copy Frameworks */,
			);
			name = "Copy Frameworks";
			runOnlyForDeploymentPostprocessing = 0;
		};
/* End PBXCopyFilesBuildPhase section */

/* Begin PBXFileReference section */
		089C165DFE840E0CC02AAC07 /* English */ = {isa = PBXFileReference; fileEncoding = 4; lastKnownFileType = text.plist.strings; name = English; path = English.lproj/InfoPlist.strings; sourceTree = "<group>"; };
		1058C7A1FEA54F0111CA2CBB /* Cocoa.framework */ = {isa = PBXFileReference; lastKnownFileType = wrapper.framework; name = Cocoa.framework; path = /System/Library/Frameworks/Cocoa.framework; sourceTree = "<absolute>"; };
		1DDD58150DA1D0A300B32029 /* English */ = {isa = PBXFileReference; lastKnownFileType = file.xib; name = English; path = English.lproj/MainMenu.xib; sourceTree = "<group>"; };
		216B368E114C59EF002E2818 /* ShroudPreferencesController.h */ = {isa = PBXFileReference; fileEncoding = 4; lastKnownFileType = sourcecode.c.h; path = ShroudPreferencesController.h; sourceTree = "<group>"; tabWidth = 8; };
		216B368F114C59EF002E2818 /* ShroudPreferencesController.m */ = {isa = PBXFileReference; fileEncoding = 4; lastKnownFileType = sourcecode.c.objc; path = ShroudPreferencesController.m; sourceTree = "<group>"; tabWidth = 8; };
		21AE5B03114C06C10096A903 /* English */ = {isa = PBXFileReference; lastKnownFileType = file.xib; name = English; path = English.lproj/Preferences.xib; sourceTree = "<group>"; };
		256AC3D80F4B6AC300CF3369 /* ShroudAppDelegate.h */ = {isa = PBXFileReference; fileEncoding = 4; lastKnownFileType = sourcecode.c.h; path = ShroudAppDelegate.h; sourceTree = "<group>"; tabWidth = 8; };
		256AC3D90F4B6AC300CF3369 /* ShroudAppDelegate.m */ = {isa = PBXFileReference; fileEncoding = 4; lastKnownFileType = sourcecode.c.objc; path = ShroudAppDelegate.m; sourceTree = "<group>"; tabWidth = 8; };
		256AC3F00F4B6AF500CF3369 /* Shroud_Prefix.pch */ = {isa = PBXFileReference; fileEncoding = 4; lastKnownFileType = sourcecode.c.h; path = Shroud_Prefix.pch; sourceTree = "<group>"; };
		29B97316FDCFA39411CA2CEA /* main.m */ = {isa = PBXFileReference; fileEncoding = 4; lastKnownFileType = sourcecode.c.objc; path = main.m; sourceTree = "<group>"; };
		29B97324FDCFA39411CA2CEA /* AppKit.framework */ = {isa = PBXFileReference; lastKnownFileType = wrapper.framework; name = AppKit.framework; path = /System/Library/Frameworks/AppKit.framework; sourceTree = "<absolute>"; };
		29B97325FDCFA39411CA2CEA /* Foundation.framework */ = {isa = PBXFileReference; lastKnownFileType = wrapper.framework; name = Foundation.framework; path = /System/Library/Frameworks/Foundation.framework; sourceTree = "<absolute>"; };
		8D1107310486CEB800E47090 /* Shroud-Info.plist */ = {isa = PBXFileReference; fileEncoding = 4; lastKnownFileType = text.plist.xml; path = "Shroud-Info.plist"; sourceTree = "<group>"; };
		8D1107320486CEB800E47090 /* Shroud.app */ = {isa = PBXFileReference; explicitFileType = wrapper.application; includeInIndex = 0; path = Shroud.app; sourceTree = BUILT_PRODUCTS_DIR; };
		E11DFE3B11F247DA001DCDED /* ShortcutRecorder.xcodeproj */ = {isa = PBXFileReference; lastKnownFileType = "wrapper.pb-project"; name = ShortcutRecorder.xcodeproj; path = shortcutrecorder/ShortcutRecorder.xcodeproj; sourceTree = SOURCE_ROOT; };
		E14B6F45123416B300BA58AB /* NJRHotKeyManager.m */ = {isa = PBXFileReference; fileEncoding = 4; lastKnownFileType = sourcecode.c.objc; path = NJRHotKeyManager.m; sourceTree = "<group>"; };
		E14B6F4A123416DA00BA58AB /* NJRHotKeyManager.h */ = {isa = PBXFileReference; fileEncoding = 4; lastKnownFileType = sourcecode.c.h; path = NJRHotKeyManager.h; sourceTree = "<group>"; };
		E14B6FDD12341D5600BA58AB /* NJRHotKey.h */ = {isa = PBXFileReference; fileEncoding = 4; lastKnownFileType = sourcecode.c.h; path = NJRHotKey.h; sourceTree = "<group>"; };
		E14B6FDE12341D5600BA58AB /* NJRHotKey.m */ = {isa = PBXFileReference; fileEncoding = 4; lastKnownFileType = sourcecode.c.objc; path = NJRHotKey.m; sourceTree = "<group>"; };
		E14B72A812344CA300BA58AB /* NJRDictionaryToHotKeyTransformer.h */ = {isa = PBXFileReference; fileEncoding = 4; lastKnownFileType = sourcecode.c.h; path = NJRDictionaryToHotKeyTransformer.h; sourceTree = "<group>"; };
		E14B72A912344CA300BA58AB /* NJRDictionaryToHotKeyTransformer.m */ = {isa = PBXFileReference; fileEncoding = 4; lastKnownFileType = sourcecode.c.objc; path = NJRDictionaryToHotKeyTransformer.m; sourceTree = "<group>"; };
		E186F45712C3C3D10051E025 /* SFBCrashReporter.xcodeproj */ = {isa = PBXFileReference; lastKnownFileType = "wrapper.pb-project"; name = SFBCrashReporter.xcodeproj; path = SFBCrashReporter/SFBCrashReporter.xcodeproj; sourceTree = "<group>"; };
		E19F3CD1123593E700DFD7BA /* English */ = {isa = PBXFileReference; fileEncoding = 4; lastKnownFileType = text.html; name = English; path = English.lproj/Credits.html; sourceTree = "<group>"; };
		E1BD4004112E6D4800DE639A /* ShroudNonactivatingView.h */ = {isa = PBXFileReference; fileEncoding = 4; lastKnownFileType = sourcecode.c.h; path = ShroudNonactivatingView.h; sourceTree = "<group>"; tabWidth = 8; };
		E1BD4005112E6D4800DE639A /* ShroudNonactivatingView.m */ = {isa = PBXFileReference; fileEncoding = 4; lastKnownFileType = sourcecode.c.objc; path = ShroudNonactivatingView.m; sourceTree = "<group>"; tabWidth = 8; };
		E1BD40D3112E76C200DE639A /* Shroud.icns */ = {isa = PBXFileReference; lastKnownFileType = image.icns; path = Shroud.icns; sourceTree = "<group>"; };
		E1BD40EC112F753000DE639A /* ShroudMenuBarView.h */ = {isa = PBXFileReference; fileEncoding = 4; lastKnownFileType = sourcecode.c.h; path = ShroudMenuBarView.h; sourceTree = "<group>"; tabWidth = 8; };
		E1BD40ED112F753000DE639A /* ShroudMenuBarView.m */ = {isa = PBXFileReference; fileEncoding = 4; lastKnownFileType = sourcecode.c.objc; path = ShroudMenuBarView.m; sourceTree = "<group>"; tabWidth = 8; };
		E1BD4114112F7B6300DE639A /* Carbon.framework */ = {isa = PBXFileReference; lastKnownFileType = wrapper.framework; name = Carbon.framework; path = System/Library/Frameworks/Carbon.framework; sourceTree = SDKROOT; };
		E1D8F35412336ECF0019122A /* ShroudDockTileView.h */ = {isa = PBXFileReference; fileEncoding = 4; lastKnownFileType = sourcecode.c.h; path = ShroudDockTileView.h; sourceTree = "<group>"; };
		E1D8F35512336ECF0019122A /* ShroudDockTileView.m */ = {isa = PBXFileReference; fileEncoding = 4; lastKnownFileType = sourcecode.c.objc; path = ShroudDockTileView.m; sourceTree = "<group>"; };
		E1D9432A123F75DF005DA161 /* Sparkle.xcodeproj */ = {isa = PBXFileReference; lastKnownFileType = "wrapper.pb-project"; name = Sparkle.xcodeproj; path = Sparkle/Sparkle.xcodeproj; sourceTree = "<group>"; };
		E1D9435B123F793A005DA161 /* dsa_pub.pem */ = {isa = PBXFileReference; fileEncoding = 4; lastKnownFileType = text; path = dsa_pub.pem; sourceTree = "<group>"; };
/* End PBXFileReference section */

/* Begin PBXFrameworksBuildPhase section */
		8D11072E0486CEB800E47090 /* Frameworks */ = {
			isa = PBXFrameworksBuildPhase;
			buildActionMask = 2147483647;
			files = (
				8D11072F0486CEB800E47090 /* Cocoa.framework in Frameworks */,
				E1BD4115112F7B6300DE639A /* Carbon.framework in Frameworks */,
				E186F48112C3C7260051E025 /* SFBCrashReporter.framework in Frameworks */,
				E11DFE5F11F2488B001DCDED /* ShortcutRecorder.framework in Frameworks */,
				E1E578A0125BB5A2001985D3 /* Sparkle.framework in Frameworks */,
			);
			runOnlyForDeploymentPostprocessing = 0;
		};
/* End PBXFrameworksBuildPhase section */

/* Begin PBXGroup section */
		080E96DDFE201D6D7F000001 /* Classes */ = {
			isa = PBXGroup;
			children = (
				256AC3D80F4B6AC300CF3369 /* ShroudAppDelegate.h */,
				256AC3D90F4B6AC300CF3369 /* ShroudAppDelegate.m */,
				216B368E114C59EF002E2818 /* ShroudPreferencesController.h */,
				216B368F114C59EF002E2818 /* ShroudPreferencesController.m */,
				E1BD40EC112F753000DE639A /* ShroudMenuBarView.h */,
				E1BD40ED112F753000DE639A /* ShroudMenuBarView.m */,
				E1BD4004112E6D4800DE639A /* ShroudNonactivatingView.h */,
				E1BD4005112E6D4800DE639A /* ShroudNonactivatingView.m */,
				E1D8F35412336ECF0019122A /* ShroudDockTileView.h */,
				E1D8F35512336ECF0019122A /* ShroudDockTileView.m */,
				E14B72A812344CA300BA58AB /* NJRDictionaryToHotKeyTransformer.h */,
				E14B72A912344CA300BA58AB /* NJRDictionaryToHotKeyTransformer.m */,
				E14B6FDD12341D5600BA58AB /* NJRHotKey.h */,
				E14B6FDE12341D5600BA58AB /* NJRHotKey.m */,
				E14B6F4A123416DA00BA58AB /* NJRHotKeyManager.h */,
				E14B6F45123416B300BA58AB /* NJRHotKeyManager.m */,
			);
			name = Classes;
			sourceTree = "<group>";
		};
		1058C7A0FEA54F0111CA2CBB /* Linked Frameworks */ = {
			isa = PBXGroup;
			children = (
				1058C7A1FEA54F0111CA2CBB /* Cocoa.framework */,
				E1BD4114112F7B6300DE639A /* Carbon.framework */,
			);
			name = "Linked Frameworks";
			sourceTree = "<group>";
		};
		1058C7A2FEA54F0111CA2CBB /* Other Frameworks */ = {
			isa = PBXGroup;
			children = (
				29B97324FDCFA39411CA2CEA /* AppKit.framework */,
				29B97325FDCFA39411CA2CEA /* Foundation.framework */,
			);
			name = "Other Frameworks";
			sourceTree = "<group>";
		};
		19C28FACFE9D520D11CA2CBB /* Products */ = {
			isa = PBXGroup;
			children = (
				8D1107320486CEB800E47090 /* Shroud.app */,
			);
			name = Products;
			sourceTree = "<group>";
		};
		29B97314FDCFA39411CA2CEA /* Shroud */ = {
			isa = PBXGroup;
			children = (
				080E96DDFE201D6D7F000001 /* Classes */,
				29B97315FDCFA39411CA2CEA /* Other Sources */,
				29B97317FDCFA39411CA2CEA /* Resources */,
				29B97323FDCFA39411CA2CEA /* Frameworks */,
				19C28FACFE9D520D11CA2CBB /* Products */,
			);
			name = Shroud;
			sourceTree = "<group>";
		};
		29B97315FDCFA39411CA2CEA /* Other Sources */ = {
			isa = PBXGroup;
			children = (
				256AC3F00F4B6AF500CF3369 /* Shroud_Prefix.pch */,
				29B97316FDCFA39411CA2CEA /* main.m */,
			);
			name = "Other Sources";
			sourceTree = "<group>";
		};
		29B97317FDCFA39411CA2CEA /* Resources */ = {
			isa = PBXGroup;
			children = (
				E1D9435B123F793A005DA161 /* dsa_pub.pem */,
				E1BD40D3112E76C200DE639A /* Shroud.icns */,
				8D1107310486CEB800E47090 /* Shroud-Info.plist */,
				E19F3CD4123593F500DFD7BA /* Credits.html */,
				089C165CFE840E0CC02AAC07 /* InfoPlist.strings */,
				1DDD58140DA1D0A300B32029 /* MainMenu.xib */,
				21AE5B02114C06C10096A903 /* Preferences.xib */,
			);
			name = Resources;
			sourceTree = "<group>";
		};
		29B97323FDCFA39411CA2CEA /* Frameworks */ = {
			isa = PBXGroup;
			children = (
				E186F45712C3C3D10051E025 /* SFBCrashReporter.xcodeproj */,
				E11DFE3B11F247DA001DCDED /* ShortcutRecorder.xcodeproj */,
				E1D9432A123F75DF005DA161 /* Sparkle.xcodeproj */,
				1058C7A0FEA54F0111CA2CBB /* Linked Frameworks */,
				1058C7A2FEA54F0111CA2CBB /* Other Frameworks */,
			);
			name = Frameworks;
			sourceTree = "<group>";
		};
		E11DFE3E11F247DB001DCDED /* Products */ = {
			isa = PBXGroup;
			children = (
				E11DFE4711F247DB001DCDED /* ShortcutRecorder.framework */,
				E11DFE4911F247DB001DCDED /* ShortcutRecorder.ibplugin */,
				E11DFE4B11F247DB001DCDED /* ShortcutRecorder.app */,
				E11DFE4D11F247DB001DCDED /* ShortcutRecorder.ibplugin */,
				E11DFE4F11F247DB001DCDED /* ShortcutRecorder.framework */,
			);
			name = Products;
			sourceTree = "<group>";
		};
		E186F45812C3C3D10051E025 /* Products */ = {
			isa = PBXGroup;
			children = (
				E186F45C12C3C3D10051E025 /* SFBCrashReporter.framework */,
			);
			name = Products;
			sourceTree = "<group>";
		};
		E1D9432B123F75DF005DA161 /* Products */ = {
			isa = PBXGroup;
			children = (
				E1D94336123F75DF005DA161 /* Sparkle.framework */,
				E1D94338123F75DF005DA161 /* Sparkle Test App.app */,
				E1D9433A123F75DF005DA161 /* relaunch */,
				E1D9433C123F75DF005DA161 /* Sparkle Unit Tests.octest */,
				E1D9433E123F75DF005DA161 /* BinaryDelta */,
			);
			name = Products;
			sourceTree = "<group>";
		};
/* End PBXGroup section */

/* Begin PBXNativeTarget section */
		8D1107260486CEB800E47090 /* Shroud */ = {
			isa = PBXNativeTarget;
			buildConfigurationList = C01FCF4A08A954540054247B /* Build configuration list for PBXNativeTarget "Shroud" */;
			buildPhases = (
				E11DFE6211F248AE001DCDED /* Copy Frameworks */,
				8D11072C0486CEB800E47090 /* Sources */,
				8D11072E0486CEB800E47090 /* Frameworks */,
				8D1107290486CEB800E47090 /* Resources */,
				E15375F41236010200714C5D /* Build Help Book */,
				E11F55E91235A35E00A0A964 /* Remove Framework Headers */,
				E16DA70F12C5A62F00AF9DD0 /* Remove Non-English Framework Resource Localizations */,
			);
			buildRules = (
			);
			dependencies = (
				E186F46212C3C4030051E025 /* PBXTargetDependency */,
				E11F558912359F8600A0A964 /* PBXTargetDependency */,
				E11F558B12359F8D00A0A964 /* PBXTargetDependency */,
				E1D94341123F75F5005DA161 /* PBXTargetDependency */,
			);
			name = Shroud;
			productInstallPath = "$(HOME)/Applications";
			productName = Shroud;
			productReference = 8D1107320486CEB800E47090 /* Shroud.app */;
			productType = "com.apple.product-type.application";
		};
/* End PBXNativeTarget section */

/* Begin PBXProject section */
		29B97313FDCFA39411CA2CEA /* Project object */ = {
			isa = PBXProject;
			buildConfigurationList = C01FCF4E08A954540054247B /* Build configuration list for PBXProject "Shroud" */;
			compatibilityVersion = "Xcode 3.1";
			developmentRegion = English;
			hasScannedForEncodings = 1;
			knownRegions = (
				English,
				Japanese,
				French,
				German,
				Dutch,
				sv,
			);
			mainGroup = 29B97314FDCFA39411CA2CEA /* Shroud */;
			projectDirPath = "";
			projectReferences = (
				{
					ProductGroup = E186F45812C3C3D10051E025 /* Products */;
					ProjectRef = E186F45712C3C3D10051E025 /* SFBCrashReporter.xcodeproj */;
				},
				{
					ProductGroup = E11DFE3E11F247DB001DCDED /* Products */;
					ProjectRef = E11DFE3B11F247DA001DCDED /* ShortcutRecorder.xcodeproj */;
				},
				{
					ProductGroup = E1D9432B123F75DF005DA161 /* Products */;
					ProjectRef = E1D9432A123F75DF005DA161 /* Sparkle.xcodeproj */;
				},
			);
			projectRoot = "";
			targets = (
				8D1107260486CEB800E47090 /* Shroud */,
			);
		};
/* End PBXProject section */

/* Begin PBXReferenceProxy section */
		E11DFE4711F247DB001DCDED /* ShortcutRecorder.framework */ = {
			isa = PBXReferenceProxy;
			fileType = wrapper.framework;
			path = ShortcutRecorder.framework;
			remoteRef = E11DFE4611F247DB001DCDED /* PBXContainerItemProxy */;
			sourceTree = BUILT_PRODUCTS_DIR;
		};
		E11DFE4911F247DB001DCDED /* ShortcutRecorder.ibplugin */ = {
			isa = PBXReferenceProxy;
			fileType = wrapper.cfbundle;
			path = ShortcutRecorder.ibplugin;
			remoteRef = E11DFE4811F247DB001DCDED /* PBXContainerItemProxy */;
			sourceTree = BUILT_PRODUCTS_DIR;
		};
		E11DFE4B11F247DB001DCDED /* ShortcutRecorder.app */ = {
			isa = PBXReferenceProxy;
			fileType = wrapper.application;
			path = ShortcutRecorder.app;
			remoteRef = E11DFE4A11F247DB001DCDED /* PBXContainerItemProxy */;
			sourceTree = BUILT_PRODUCTS_DIR;
		};
		E11DFE4D11F247DB001DCDED /* ShortcutRecorder.ibplugin */ = {
			isa = PBXReferenceProxy;
			fileType = wrapper.cfbundle;
			path = ShortcutRecorder.ibplugin;
			remoteRef = E11DFE4C11F247DB001DCDED /* PBXContainerItemProxy */;
			sourceTree = BUILT_PRODUCTS_DIR;
		};
		E11DFE4F11F247DB001DCDED /* ShortcutRecorder.framework */ = {
			isa = PBXReferenceProxy;
			fileType = wrapper.framework;
			path = ShortcutRecorder.framework;
			remoteRef = E11DFE4E11F247DB001DCDED /* PBXContainerItemProxy */;
			sourceTree = BUILT_PRODUCTS_DIR;
		};
		E186F45C12C3C3D10051E025 /* SFBCrashReporter.framework */ = {
			isa = PBXReferenceProxy;
			fileType = wrapper.framework;
			path = SFBCrashReporter.framework;
			remoteRef = E186F45B12C3C3D10051E025 /* PBXContainerItemProxy */;
			sourceTree = BUILT_PRODUCTS_DIR;
		};
		E1D94336123F75DF005DA161 /* Sparkle.framework */ = {
			isa = PBXReferenceProxy;
			fileType = wrapper.framework;
			path = Sparkle.framework;
			remoteRef = E1D94335123F75DF005DA161 /* PBXContainerItemProxy */;
			sourceTree = BUILT_PRODUCTS_DIR;
		};
		E1D94338123F75DF005DA161 /* Sparkle Test App.app */ = {
			isa = PBXReferenceProxy;
			fileType = wrapper.application;
			path = "Sparkle Test App.app";
			remoteRef = E1D94337123F75DF005DA161 /* PBXContainerItemProxy */;
			sourceTree = BUILT_PRODUCTS_DIR;
		};
		E1D9433A123F75DF005DA161 /* relaunch */ = {
			isa = PBXReferenceProxy;
			fileType = "compiled.mach-o.executable";
			path = relaunch;
			remoteRef = E1D94339123F75DF005DA161 /* PBXContainerItemProxy */;
			sourceTree = BUILT_PRODUCTS_DIR;
		};
		E1D9433C123F75DF005DA161 /* Sparkle Unit Tests.octest */ = {
			isa = PBXReferenceProxy;
			fileType = wrapper.cfbundle;
			path = "Sparkle Unit Tests.octest";
			remoteRef = E1D9433B123F75DF005DA161 /* PBXContainerItemProxy */;
			sourceTree = BUILT_PRODUCTS_DIR;
		};
		E1D9433E123F75DF005DA161 /* BinaryDelta */ = {
			isa = PBXReferenceProxy;
			fileType = "compiled.mach-o.executable";
			path = BinaryDelta;
			remoteRef = E1D9433D123F75DF005DA161 /* PBXContainerItemProxy */;
			sourceTree = BUILT_PRODUCTS_DIR;
		};
/* End PBXReferenceProxy section */

/* Begin PBXResourcesBuildPhase section */
		8D1107290486CEB800E47090 /* Resources */ = {
			isa = PBXResourcesBuildPhase;
			buildActionMask = 2147483647;
			files = (
				E19F3CD5123593F500DFD7BA /* Credits.html in Resources */,
				E1BD40D4112E76C200DE639A /* Shroud.icns in Resources */,
				8D11072B0486CEB800E47090 /* InfoPlist.strings in Resources */,
				1DDD58160DA1D0A300B32029 /* MainMenu.xib in Resources */,
				21AE5B04114C06C10096A903 /* Preferences.xib in Resources */,
				E1D9435C123F793A005DA161 /* dsa_pub.pem in Resources */,
			);
			runOnlyForDeploymentPostprocessing = 0;
		};
/* End PBXResourcesBuildPhase section */

/* Begin PBXShellScriptBuildPhase section */
		E11F55E91235A35E00A0A964 /* Remove Framework Headers */ = {
			isa = PBXShellScriptBuildPhase;
			buildActionMask = 8;
			files = (
			);
			inputPaths = (
			);
			name = "Remove Framework Headers";
			outputPaths = (
			);
			runOnlyForDeploymentPostprocessing = 1;
			shellPath = /bin/sh;
			shellScript = "/usr/bin/find ${BUILT_PRODUCTS_DIR}/${FRAMEWORKS_FOLDER_PATH} -name Headers -print0 | xargs -0 rm -rf || /usr/bin/true";
			showEnvVarsInLog = 0;
		};
		E15375F41236010200714C5D /* Build Help Book */ = {
			isa = PBXShellScriptBuildPhase;
			buildActionMask = 2147483647;
			files = (
			);
			inputPaths = (
			);
			name = "Build Help Book";
			outputPaths = (
			);
			runOnlyForDeploymentPostprocessing = 0;
			shellPath = /bin/sh;
			shellScript = "# can just go into UNLOCALIZED_RESOURCES_FOLDER_PATH in 10.6\n\nhelp_src=\"${SRCROOT}/Documentation\"\nhelp_dest=\"${BUILT_PRODUCTS_DIR}/${UNLOCALIZED_RESOURCES_FOLDER_PATH}/English.lproj\"\nhelp_dir=\"Shroud Help\"\n\n/usr/bin/python \"${help_src}/OOhelpify.py\" \"${help_src}/${help_dir}.oo3\"\n\nrm -rf \"${help_dest}/${help_dir}\"\nmv \"${help_src}/${help_dir}\" \"${help_dest}\"\ninstall -m 644 \"${help_src}/mail.scpt\" \"${help_dest}/${help_dir}\"\n";
			showEnvVarsInLog = 0;
		};
		E16DA70F12C5A62F00AF9DD0 /* Remove Non-English Framework Resource Localizations */ = {
			isa = PBXShellScriptBuildPhase;
			buildActionMask = 12;
			files = (
			);
			inputPaths = (
			);
			name = "Remove Non-English Framework Resource Localizations";
			outputPaths = (
			);
			runOnlyForDeploymentPostprocessing = 0;
			shellPath = /bin/sh;
			shellScript = "/usr/bin/find ${BUILT_PRODUCTS_DIR}/${FRAMEWORKS_FOLDER_PATH} -name \\*.lproj -and -not \\( -name en\\*.lproj -or -name English.lproj \\) -print0 | xargs -0 rm -rf || /usr/bin/true";
			showEnvVarsInLog = 0;
		};
/* End PBXShellScriptBuildPhase section */

/* Begin PBXSourcesBuildPhase section */
		8D11072C0486CEB800E47090 /* Sources */ = {
			isa = PBXSourcesBuildPhase;
			buildActionMask = 2147483647;
			files = (
				8D11072D0486CEB800E47090 /* main.m in Sources */,
				256AC3DA0F4B6AC300CF3369 /* ShroudAppDelegate.m in Sources */,
				E1BD4006112E6D4800DE639A /* ShroudNonactivatingView.m in Sources */,
				E1BD40EE112F753000DE639A /* ShroudMenuBarView.m in Sources */,
				216B3690114C59EF002E2818 /* ShroudPreferencesController.m in Sources */,
				E1D8F35612336ECF0019122A /* ShroudDockTileView.m in Sources */,
				E14B6F46123416B300BA58AB /* NJRHotKeyManager.m in Sources */,
				E14B6FDF12341D5600BA58AB /* NJRHotKey.m in Sources */,
				E14B72AA12344CA300BA58AB /* NJRDictionaryToHotKeyTransformer.m in Sources */,
			);
			runOnlyForDeploymentPostprocessing = 0;
		};
/* End PBXSourcesBuildPhase section */

/* Begin PBXTargetDependency section */
		E11F558912359F8600A0A964 /* PBXTargetDependency */ = {
			isa = PBXTargetDependency;
			name = "ShortcutRecorder.framework - with embedded ibplugin";
			targetProxy = E11F558812359F8600A0A964 /* PBXContainerItemProxy */;
		};
		E11F558B12359F8D00A0A964 /* PBXTargetDependency */ = {
			isa = PBXTargetDependency;
			name = "ShortcutRecorder.ibplugin - standalone";
			targetProxy = E11F558A12359F8D00A0A964 /* PBXContainerItemProxy */;
		};
		E186F46212C3C4030051E025 /* PBXTargetDependency */ = {
			isa = PBXTargetDependency;
			name = SFBCrashReporter;
			targetProxy = E186F46112C3C4030051E025 /* PBXContainerItemProxy */;
		};
		E1D94341123F75F5005DA161 /* PBXTargetDependency */ = {
			isa = PBXTargetDependency;
			name = Sparkle;
			targetProxy = E1D94340123F75F5005DA161 /* PBXContainerItemProxy */;
		};
/* End PBXTargetDependency section */

/* Begin PBXVariantGroup section */
		089C165CFE840E0CC02AAC07 /* InfoPlist.strings */ = {
			isa = PBXVariantGroup;
			children = (
				089C165DFE840E0CC02AAC07 /* English */,
			);
			name = InfoPlist.strings;
			sourceTree = "<group>";
		};
		1DDD58140DA1D0A300B32029 /* MainMenu.xib */ = {
			isa = PBXVariantGroup;
			children = (
				1DDD58150DA1D0A300B32029 /* English */,
			);
			name = MainMenu.xib;
			sourceTree = "<group>";
		};
		21AE5B02114C06C10096A903 /* Preferences.xib */ = {
			isa = PBXVariantGroup;
			children = (
				21AE5B03114C06C10096A903 /* English */,
			);
			name = Preferences.xib;
			sourceTree = "<group>";
		};
		E19F3CD4123593F500DFD7BA /* Credits.html */ = {
			isa = PBXVariantGroup;
			children = (
				E19F3CD1123593E700DFD7BA /* English */,
			);
			name = Credits.html;
			sourceTree = "<group>";
		};
/* End PBXVariantGroup section */

/* Begin XCBuildConfiguration section */
		C01FCF4B08A954540054247B /* Debug */ = {
			isa = XCBuildConfiguration;
			buildSettings = {
				ALWAYS_SEARCH_USER_PATHS = NO;
				COPY_PHASE_STRIP = NO;
				DEBUG_INFORMATION_FORMAT = "dwarf-with-dsym";
				FRAMEWORK_SEARCH_PATHS = (
					"$(inherited)",
					"$(BUILT_PRODUCTS_DIR)/$(FRAMEWORKS_FOLDER_PATH)",
					"\"$(SRCROOT)\"",
				);
				GCC_DYNAMIC_NO_PIC = NO;
				GCC_ENABLE_FIX_AND_CONTINUE = YES;
				GCC_MODEL_TUNING = G5;
				GCC_OPTIMIZATION_LEVEL = 0;
				GCC_PRECOMPILE_PREFIX_HEADER = YES;
				GCC_PREFIX_HEADER = Shroud_Prefix.pch;
				INFOPLIST_FILE = "Shroud-Info.plist";
				INSTALL_PATH = "$(HOME)/Applications";
				PRODUCT_NAME = Shroud;
			};
			name = Debug;
		};
		C01FCF4C08A954540054247B /* Release */ = {
			isa = XCBuildConfiguration;
			buildSettings = {
				ALWAYS_SEARCH_USER_PATHS = NO;
				DEBUG_INFORMATION_FORMAT = "dwarf-with-dsym";
				FRAMEWORK_SEARCH_PATHS = (
					"$(inherited)",
					"$(BUILT_PRODUCTS_DIR)/$(FRAMEWORKS_FOLDER_PATH)",
					"\"$(SRCROOT)\"",
				);
				GCC_MODEL_TUNING = G5;
				GCC_PRECOMPILE_PREFIX_HEADER = YES;
				GCC_PREFIX_HEADER = Shroud_Prefix.pch;
				INFOPLIST_FILE = "Shroud-Info.plist";
				INSTALL_PATH = "$(HOME)/Applications";
				PRODUCT_NAME = Shroud;
			};
			name = Release;
		};
		C01FCF4F08A954540054247B /* Debug */ = {
			isa = XCBuildConfiguration;
			buildSettings = {
				ARCHS = "$(ARCHS_STANDARD_32_64_BIT)";
				CURRENT_PROJECT_VERSION = 8;
				GCC_C_LANGUAGE_STANDARD = gnu99;
				GCC_OPTIMIZATION_LEVEL = 0;
				GCC_VERSION = 4.2;
				GCC_WARN_ABOUT_RETURN_TYPE = YES;
				GCC_WARN_UNUSED_VARIABLE = YES;
				IBC_OVERRIDING_PLUGINS_AND_FRAMEWORKS_DIR = "$(SOURCE_ROOT)/shortcutrecorder/build/$(CONFIGURATION)$(EFFECTIVE_PLATFORM_NAME)";
				ONLY_ACTIVE_ARCH = YES;
				PREBINDING = NO;
				SDKROOT = macosx10.5;
				VERSIONING_SYSTEM = "apple-generic";
			};
			name = Debug;
		};
		C01FCF5008A954540054247B /* Release */ = {
			isa = XCBuildConfiguration;
			buildSettings = {
				ARCHS = "$(ARCHS_STANDARD_32_64_BIT)";
				CURRENT_PROJECT_VERSION = 8;
				GCC_C_LANGUAGE_STANDARD = gnu99;
				GCC_VERSION = 4.2;
				GCC_WARN_ABOUT_RETURN_TYPE = YES;
				GCC_WARN_UNUSED_VARIABLE = YES;
				IBC_OVERRIDING_PLUGINS_AND_FRAMEWORKS_DIR = "$(SOURCE_ROOT)/shortcutrecorder/build/$(CONFIGURATION)$(EFFECTIVE_PLATFORM_NAME)";
				PREBINDING = NO;
				SDKROOT = macosx10.5;
				VERSIONING_SYSTEM = "apple-generic";
			};
			name = Release;
		};
/* End XCBuildConfiguration section */

/* Begin XCConfigurationList section */
		C01FCF4A08A954540054247B /* Build configuration list for PBXNativeTarget "Shroud" */ = {
			isa = XCConfigurationList;
			buildConfigurations = (
				C01FCF4B08A954540054247B /* Debug */,
				C01FCF4C08A954540054247B /* Release */,
			);
			defaultConfigurationIsVisible = 0;
			defaultConfigurationName = Release;
		};
		C01FCF4E08A954540054247B /* Build configuration list for PBXProject "Shroud" */ = {
			isa = XCConfigurationList;
			buildConfigurations = (
				C01FCF4F08A954540054247B /* Debug */,
				C01FCF5008A954540054247B /* Release */,
			);
			defaultConfigurationIsVisible = 0;
			defaultConfigurationName = Release;
		};
/* End XCConfigurationList section */
	};
	rootObject = 29B97313FDCFA39411CA2CEA /* Project object */;
}
